// !$*UTF8*$!
{
	archiveVersion = 1;
	classes = {
	};
	objectVersion = 50;
	objects = {

/* Begin PBXBuildFile section */
		930ACC9B250759780092206C /* GDecoders.m in Sources */ = {isa = PBXBuildFile; fileRef = 930ACC9A250759780092206C /* GDecoders.m */; };
		930ACC9D250763C30092206C /* GDecodersTests.m in Sources */ = {isa = PBXBuildFile; fileRef = 930ACC9C250763C30092206C /* GDecodersTests.m */; };
		931221C724F0137F00929C01 /* AppDelegate.m in Sources */ = {isa = PBXBuildFile; fileRef = 931221C624F0137F00929C01 /* AppDelegate.m */; };
		931221C924F0139300929C01 /* Assets.xcassets in Resources */ = {isa = PBXBuildFile; fileRef = 931221C824F0139300929C01 /* Assets.xcassets */; };
		931221CC24F0139300929C01 /* MainMenu.xib in Resources */ = {isa = PBXBuildFile; fileRef = 931221CA24F0139300929C01 /* MainMenu.xib */; };
		931221CF24F0139300929C01 /* main.m in Sources */ = {isa = PBXBuildFile; fileRef = 931221CE24F0139300929C01 /* main.m */; };
		93159E5F252AEB5E00F87451 /* GGlyph.m in Sources */ = {isa = PBXBuildFile; fileRef = 93159E5E252AEB5E00F87451 /* GGlyph.m */; };
		93159E62252B09F400F87451 /* GTextParser.m in Sources */ = {isa = PBXBuildFile; fileRef = 93159E61252B09F400F87451 /* GTextParser.m */; };
		931ECFB12518911A00E26EFA /* GInterpreter.m in Sources */ = {isa = PBXBuildFile; fileRef = 931ECFB02518911A00E26EFA /* GInterpreter.m */; };
		9320C01A2519C7F8008F20B0 /* GInterpreterTests.m in Sources */ = {isa = PBXBuildFile; fileRef = 9320C0192519C7F8008F20B0 /* GInterpreterTests.m */; };
		9320C01C251A1552008F20B0 /* irig_keys_25.pdf in Resources */ = {isa = PBXBuildFile; fileRef = 9320C01B251A1552008F20B0 /* irig_keys_25.pdf */; };
		9320C01E251A1569008F20B0 /* irig_keys_25.pdf in Resources */ = {isa = PBXBuildFile; fileRef = 9320C01D251A1568008F20B0 /* irig_keys_25.pdf */; };
		93427469252082CA00CA3DBE /* GGraphicsState.m in Sources */ = {isa = PBXBuildFile; fileRef = 93427468252082CA00CA3DBE /* GGraphicsState.m */; };
		9355AEB924F12DCC00764E36 /* GLexerTests.m in Sources */ = {isa = PBXBuildFile; fileRef = 9355AEB824F12DCC00764E36 /* GLexerTests.m */; };
		935BCC3A252C61B900868C01 /* GWord.m in Sources */ = {isa = PBXBuildFile; fileRef = 935BCC39252C61B900868C01 /* GWord.m */; };
		9363D94A250895610075FEF0 /* GDocument.m in Sources */ = {isa = PBXBuildFile; fileRef = 9363D949250895610075FEF0 /* GDocument.m */; };
		9363D9512508994E0075FEF0 /* test_xref.pdf in Resources */ = {isa = PBXBuildFile; fileRef = 9363D9502508994E0075FEF0 /* test_xref.pdf */; };
		936C4305250363E800FFE547 /* test_xref.pdf in Resources */ = {isa = PBXBuildFile; fileRef = 936C4304250363E700FFE547 /* test_xref.pdf */; };
		9373EEF3251C7E840066AD2A /* GTextState.m in Sources */ = {isa = PBXBuildFile; fileRef = 9373EEF2251C7E840066AD2A /* GTextState.m */; };
		9373EEF6251C84A80066AD2A /* GFont.m in Sources */ = {isa = PBXBuildFile; fileRef = 9373EEF5251C84A80066AD2A /* GFont.m */; };
		93A8692A251399760033DC22 /* GPage.m in Sources */ = {isa = PBXBuildFile; fileRef = 93A86929251399760033DC22 /* GPage.m */; };
		93A8692D25147ECA0033DC22 /* GMisc.m in Sources */ = {isa = PBXBuildFile; fileRef = 93A8692C25147ECA0033DC22 /* GMisc.m */; };
		93DC04C424F7B335003AC9B0 /* GParser.m in Sources */ = {isa = PBXBuildFile; fileRef = 93DC04C324F7B335003AC9B0 /* GParser.m */; };
		93DC04C624F7B474003AC9B0 /* GParserTests.m in Sources */ = {isa = PBXBuildFile; fileRef = 93DC04C524F7B474003AC9B0 /* GParserTests.m */; };
		93DC04C924F7B6EB003AC9B0 /* GObjects.m in Sources */ = {isa = PBXBuildFile; fileRef = 93DC04C824F7B6EB003AC9B0 /* GObjects.m */; };
		93E336FD24F1265300F91F74 /* GLexer.m in Sources */ = {isa = PBXBuildFile; fileRef = 93E336F824F1254300F91F74 /* GLexer.m */; };
/* End PBXBuildFile section */

/* Begin PBXContainerItemProxy section */
		931221D624F0139700929C01 /* PBXContainerItemProxy */ = {
			isa = PBXContainerItemProxy;
			containerPortal = 931221BA24F0137F00929C01 /* Project object */;
			proxyType = 1;
			remoteGlobalIDString = 931221C124F0137F00929C01;
			remoteInfo = PEP;
		};
/* End PBXContainerItemProxy section */

/* Begin PBXFileReference section */
		930ACC99250759780092206C /* GDecoders.h */ = {isa = PBXFileReference; lastKnownFileType = sourcecode.c.h; path = GDecoders.h; sourceTree = "<group>"; };
		930ACC9A250759780092206C /* GDecoders.m */ = {isa = PBXFileReference; lastKnownFileType = sourcecode.c.objc; path = GDecoders.m; sourceTree = "<group>"; };
		930ACC9C250763C30092206C /* GDecodersTests.m */ = {isa = PBXFileReference; lastKnownFileType = sourcecode.c.objc; path = GDecodersTests.m; sourceTree = "<group>"; };
		931221C224F0137F00929C01 /* PEP.app */ = {isa = PBXFileReference; explicitFileType = wrapper.application; includeInIndex = 0; path = PEP.app; sourceTree = BUILT_PRODUCTS_DIR; };
		931221C524F0137F00929C01 /* AppDelegate.h */ = {isa = PBXFileReference; lastKnownFileType = sourcecode.c.h; path = AppDelegate.h; sourceTree = "<group>"; };
		931221C624F0137F00929C01 /* AppDelegate.m */ = {isa = PBXFileReference; lastKnownFileType = sourcecode.c.objc; path = AppDelegate.m; sourceTree = "<group>"; };
		931221C824F0139300929C01 /* Assets.xcassets */ = {isa = PBXFileReference; lastKnownFileType = folder.assetcatalog; path = Assets.xcassets; sourceTree = "<group>"; };
		931221CB24F0139300929C01 /* Base */ = {isa = PBXFileReference; lastKnownFileType = file.xib; name = Base; path = Base.lproj/MainMenu.xib; sourceTree = "<group>"; };
		931221CD24F0139300929C01 /* Info.plist */ = {isa = PBXFileReference; lastKnownFileType = text.plist.xml; path = Info.plist; sourceTree = "<group>"; };
		931221CE24F0139300929C01 /* main.m */ = {isa = PBXFileReference; lastKnownFileType = sourcecode.c.objc; path = main.m; sourceTree = "<group>"; };
		931221D024F0139300929C01 /* PEP.entitlements */ = {isa = PBXFileReference; lastKnownFileType = text.plist.entitlements; path = PEP.entitlements; sourceTree = "<group>"; };
		931221D524F0139700929C01 /* PEPTests.xctest */ = {isa = PBXFileReference; explicitFileType = wrapper.cfbundle; includeInIndex = 0; path = PEPTests.xctest; sourceTree = BUILT_PRODUCTS_DIR; };
		931221DB24F0139700929C01 /* Info.plist */ = {isa = PBXFileReference; lastKnownFileType = text.plist.xml; path = Info.plist; sourceTree = "<group>"; };
		93159E5D252AEB5E00F87451 /* GGlyph.h */ = {isa = PBXFileReference; lastKnownFileType = sourcecode.c.h; path = GGlyph.h; sourceTree = "<group>"; };
		93159E5E252AEB5E00F87451 /* GGlyph.m */ = {isa = PBXFileReference; lastKnownFileType = sourcecode.c.objc; path = GGlyph.m; sourceTree = "<group>"; };
		93159E60252B09F400F87451 /* GTextParser.h */ = {isa = PBXFileReference; lastKnownFileType = sourcecode.c.h; path = GTextParser.h; sourceTree = "<group>"; };
		93159E61252B09F400F87451 /* GTextParser.m */ = {isa = PBXFileReference; lastKnownFileType = sourcecode.c.objc; path = GTextParser.m; sourceTree = "<group>"; };
		931ECFAF2518911A00E26EFA /* GInterpreter.h */ = {isa = PBXFileReference; lastKnownFileType = sourcecode.c.h; path = GInterpreter.h; sourceTree = "<group>"; };
		931ECFB02518911A00E26EFA /* GInterpreter.m */ = {isa = PBXFileReference; lastKnownFileType = sourcecode.c.objc; path = GInterpreter.m; sourceTree = "<group>"; };
		9320C0192519C7F8008F20B0 /* GInterpreterTests.m */ = {isa = PBXFileReference; lastKnownFileType = sourcecode.c.objc; path = GInterpreterTests.m; sourceTree = "<group>"; };
		9320C01B251A1552008F20B0 /* irig_keys_25.pdf */ = {isa = PBXFileReference; lastKnownFileType = image.pdf; path = irig_keys_25.pdf; sourceTree = "<group>"; };
		9320C01D251A1568008F20B0 /* irig_keys_25.pdf */ = {isa = PBXFileReference; lastKnownFileType = image.pdf; name = irig_keys_25.pdf; path = PEPTests/pdf/irig_keys_25.pdf; sourceTree = SOURCE_ROOT; };
		93427467252082CA00CA3DBE /* GGraphicsState.h */ = {isa = PBXFileReference; lastKnownFileType = sourcecode.c.h; path = GGraphicsState.h; sourceTree = "<group>"; };
		93427468252082CA00CA3DBE /* GGraphicsState.m */ = {isa = PBXFileReference; lastKnownFileType = sourcecode.c.objc; path = GGraphicsState.m; sourceTree = "<group>"; };
		9355AEB824F12DCC00764E36 /* GLexerTests.m */ = {isa = PBXFileReference; lastKnownFileType = sourcecode.c.objc; path = GLexerTests.m; sourceTree = "<group>"; };
		935BCC38252C61B800868C01 /* GWord.h */ = {isa = PBXFileReference; lastKnownFileType = sourcecode.c.h; path = GWord.h; sourceTree = "<group>"; };
		935BCC39252C61B900868C01 /* GWord.m */ = {isa = PBXFileReference; lastKnownFileType = sourcecode.c.objc; path = GWord.m; sourceTree = "<group>"; };
		9363D948250895610075FEF0 /* GDocument.h */ = {isa = PBXFileReference; lastKnownFileType = sourcecode.c.h; path = GDocument.h; sourceTree = "<group>"; };
		9363D949250895610075FEF0 /* GDocument.m */ = {isa = PBXFileReference; lastKnownFileType = sourcecode.c.objc; path = GDocument.m; sourceTree = "<group>"; };
		9363D9502508994E0075FEF0 /* test_xref.pdf */ = {isa = PBXFileReference; lastKnownFileType = image.pdf; name = test_xref.pdf; path = PEPTests/pdf/test_xref.pdf; sourceTree = SOURCE_ROOT; };
		936C4304250363E700FFE547 /* test_xref.pdf */ = {isa = PBXFileReference; lastKnownFileType = image.pdf; path = test_xref.pdf; sourceTree = "<group>"; };
		9373EEF1251C7E840066AD2A /* GTextState.h */ = {isa = PBXFileReference; lastKnownFileType = sourcecode.c.h; path = GTextState.h; sourceTree = "<group>"; };
		9373EEF2251C7E840066AD2A /* GTextState.m */ = {isa = PBXFileReference; lastKnownFileType = sourcecode.c.objc; path = GTextState.m; sourceTree = "<group>"; };
		9373EEF4251C84A80066AD2A /* GFont.h */ = {isa = PBXFileReference; lastKnownFileType = sourcecode.c.h; path = GFont.h; sourceTree = "<group>"; };
		9373EEF5251C84A80066AD2A /* GFont.m */ = {isa = PBXFileReference; lastKnownFileType = sourcecode.c.objc; path = GFont.m; sourceTree = "<group>"; };
		93A86928251399760033DC22 /* GPage.h */ = {isa = PBXFileReference; lastKnownFileType = sourcecode.c.h; path = GPage.h; sourceTree = "<group>"; };
		93A86929251399760033DC22 /* GPage.m */ = {isa = PBXFileReference; lastKnownFileType = sourcecode.c.objc; path = GPage.m; sourceTree = "<group>"; };
		93A8692B25147ECA0033DC22 /* GMisc.h */ = {isa = PBXFileReference; lastKnownFileType = sourcecode.c.h; path = GMisc.h; sourceTree = "<group>"; };
		93A8692C25147ECA0033DC22 /* GMisc.m */ = {isa = PBXFileReference; lastKnownFileType = sourcecode.c.objc; path = GMisc.m; sourceTree = "<group>"; };
		93DC04C224F7B335003AC9B0 /* GParser.h */ = {isa = PBXFileReference; lastKnownFileType = sourcecode.c.h; path = GParser.h; sourceTree = "<group>"; };
		93DC04C324F7B335003AC9B0 /* GParser.m */ = {isa = PBXFileReference; lastKnownFileType = sourcecode.c.objc; path = GParser.m; sourceTree = "<group>"; };
		93DC04C524F7B474003AC9B0 /* GParserTests.m */ = {isa = PBXFileReference; lastKnownFileType = sourcecode.c.objc; path = GParserTests.m; sourceTree = "<group>"; };
		93DC04C724F7B6EB003AC9B0 /* GObjects.h */ = {isa = PBXFileReference; lastKnownFileType = sourcecode.c.h; path = GObjects.h; sourceTree = "<group>"; };
		93DC04C824F7B6EB003AC9B0 /* GObjects.m */ = {isa = PBXFileReference; lastKnownFileType = sourcecode.c.objc; path = GObjects.m; sourceTree = "<group>"; };
		93E336F824F1254300F91F74 /* GLexer.m */ = {isa = PBXFileReference; fileEncoding = 4; lastKnownFileType = sourcecode.c.objc; path = GLexer.m; sourceTree = "<group>"; };
		93E336FC24F1256000F91F74 /* GLexer.h */ = {isa = PBXFileReference; fileEncoding = 4; lastKnownFileType = sourcecode.c.h; path = GLexer.h; sourceTree = "<group>"; };
/* End PBXFileReference section */

/* Begin PBXFrameworksBuildPhase section */
		931221BF24F0137F00929C01 /* Frameworks */ = {
			isa = PBXFrameworksBuildPhase;
			buildActionMask = 2147483647;
			files = (
			);
			runOnlyForDeploymentPostprocessing = 0;
		};
		931221D224F0139700929C01 /* Frameworks */ = {
			isa = PBXFrameworksBuildPhase;
			buildActionMask = 2147483647;
			files = (
			);
			runOnlyForDeploymentPostprocessing = 0;
		};
/* End PBXFrameworksBuildPhase section */

/* Begin PBXGroup section */
		931221B924F0137F00929C01 = {
			isa = PBXGroup;
			children = (
				931221C424F0137F00929C01 /* PEP */,
				931221D824F0139700929C01 /* PEPTests */,
				931221C324F0137F00929C01 /* Products */,
			);
			sourceTree = "<group>";
		};
		931221C324F0137F00929C01 /* Products */ = {
			isa = PBXGroup;
			children = (
				931221C224F0137F00929C01 /* PEP.app */,
				931221D524F0139700929C01 /* PEPTests.xctest */,
			);
			name = Products;
			sourceTree = "<group>";
		};
		931221C424F0137F00929C01 /* PEP */ = {
			isa = PBXGroup;
			children = (
				9363D94B250898D60075FEF0 /* Resources */,
				93E336ED24F11C2500F91F74 /* Gene */,
				931221C524F0137F00929C01 /* AppDelegate.h */,
				931221C624F0137F00929C01 /* AppDelegate.m */,
				931221C824F0139300929C01 /* Assets.xcassets */,
				931221CA24F0139300929C01 /* MainMenu.xib */,
				931221CD24F0139300929C01 /* Info.plist */,
				931221CE24F0139300929C01 /* main.m */,
				931221D024F0139300929C01 /* PEP.entitlements */,
			);
			path = PEP;
			sourceTree = "<group>";
		};
		931221D824F0139700929C01 /* PEPTests */ = {
			isa = PBXGroup;
			children = (
				936C4303250363AD00FFE547 /* pdf */,
				9355AEB824F12DCC00764E36 /* GLexerTests.m */,
				93DC04C524F7B474003AC9B0 /* GParserTests.m */,
				930ACC9C250763C30092206C /* GDecodersTests.m */,
				9320C0192519C7F8008F20B0 /* GInterpreterTests.m */,
				931221DB24F0139700929C01 /* Info.plist */,
			);
			path = PEPTests;
			sourceTree = "<group>";
		};
		9363D94B250898D60075FEF0 /* Resources */ = {
			isa = PBXGroup;
			children = (
				9320C01D251A1568008F20B0 /* irig_keys_25.pdf */,
				9363D9502508994E0075FEF0 /* test_xref.pdf */,
			);
			path = Resources;
			sourceTree = "<group>";
		};
		936C4303250363AD00FFE547 /* pdf */ = {
			isa = PBXGroup;
			children = (
				9320C01B251A1552008F20B0 /* irig_keys_25.pdf */,
				936C4304250363E700FFE547 /* test_xref.pdf */,
			);
			path = pdf;
			sourceTree = "<group>";
		};
		93E336ED24F11C2500F91F74 /* Gene */ = {
			isa = PBXGroup;
			children = (
				93E336FC24F1256000F91F74 /* GLexer.h */,
				93E336F824F1254300F91F74 /* GLexer.m */,
				93DC04C724F7B6EB003AC9B0 /* GObjects.h */,
				93DC04C824F7B6EB003AC9B0 /* GObjects.m */,
				93DC04C224F7B335003AC9B0 /* GParser.h */,
				93DC04C324F7B335003AC9B0 /* GParser.m */,
				930ACC99250759780092206C /* GDecoders.h */,
				930ACC9A250759780092206C /* GDecoders.m */,
				931ECFAF2518911A00E26EFA /* GInterpreter.h */,
				931ECFB02518911A00E26EFA /* GInterpreter.m */,
				9373EEF4251C84A80066AD2A /* GFont.h */,
				9373EEF5251C84A80066AD2A /* GFont.m */,
				93427467252082CA00CA3DBE /* GGraphicsState.h */,
				93427468252082CA00CA3DBE /* GGraphicsState.m */,
				9373EEF1251C7E840066AD2A /* GTextState.h */,
				9373EEF2251C7E840066AD2A /* GTextState.m */,
				935BCC38252C61B800868C01 /* GWord.h */,
				935BCC39252C61B900868C01 /* GWord.m */,
				93159E5D252AEB5E00F87451 /* GGlyph.h */,
				93159E5E252AEB5E00F87451 /* GGlyph.m */,
				93159E60252B09F400F87451 /* GTextParser.h */,
				93159E61252B09F400F87451 /* GTextParser.m */,
				93A86928251399760033DC22 /* GPage.h */,
				93A86929251399760033DC22 /* GPage.m */,
				9363D948250895610075FEF0 /* GDocument.h */,
				9363D949250895610075FEF0 /* GDocument.m */,
				93A8692B25147ECA0033DC22 /* GMisc.h */,
				93A8692C25147ECA0033DC22 /* GMisc.m */,
			);
			path = Gene;
			sourceTree = "<group>";
		};
/* End PBXGroup section */

/* Begin PBXNativeTarget section */
		931221C124F0137F00929C01 /* PEP */ = {
			isa = PBXNativeTarget;
			buildConfigurationList = 931221E924F0139700929C01 /* Build configuration list for PBXNativeTarget "PEP" */;
			buildPhases = (
				931221BE24F0137F00929C01 /* Sources */,
				931221BF24F0137F00929C01 /* Frameworks */,
				931221C024F0137F00929C01 /* Resources */,
			);
			buildRules = (
			);
			dependencies = (
			);
			name = PEP;
			productName = PEP;
			productReference = 931221C224F0137F00929C01 /* PEP.app */;
			productType = "com.apple.product-type.application";
		};
		931221D424F0139700929C01 /* PEPTests */ = {
			isa = PBXNativeTarget;
			buildConfigurationList = 931221EC24F0139700929C01 /* Build configuration list for PBXNativeTarget "PEPTests" */;
			buildPhases = (
				931221D124F0139700929C01 /* Sources */,
				931221D224F0139700929C01 /* Frameworks */,
				931221D324F0139700929C01 /* Resources */,
			);
			buildRules = (
			);
			dependencies = (
				931221D724F0139700929C01 /* PBXTargetDependency */,
			);
			name = PEPTests;
			productName = PEPTests;
			productReference = 931221D524F0139700929C01 /* PEPTests.xctest */;
			productType = "com.apple.product-type.bundle.unit-test";
		};
/* End PBXNativeTarget section */

/* Begin PBXProject section */
		931221BA24F0137F00929C01 /* Project object */ = {
			isa = PBXProject;
			attributes = {
				LastUpgradeCheck = 1160;
				ORGANIZATIONNAME = "Aaron Elkins";
				TargetAttributes = {
					931221C124F0137F00929C01 = {
						CreatedOnToolsVersion = 11.6;
					};
					931221D424F0139700929C01 = {
						CreatedOnToolsVersion = 11.6;
						TestTargetID = 931221C124F0137F00929C01;
					};
				};
			};
			buildConfigurationList = 931221BD24F0137F00929C01 /* Build configuration list for PBXProject "PEP" */;
			compatibilityVersion = "Xcode 9.3";
			developmentRegion = en;
			hasScannedForEncodings = 0;
			knownRegions = (
				en,
				Base,
			);
			mainGroup = 931221B924F0137F00929C01;
			productRefGroup = 931221C324F0137F00929C01 /* Products */;
			projectDirPath = "";
			projectRoot = "";
			targets = (
				931221C124F0137F00929C01 /* PEP */,
				931221D424F0139700929C01 /* PEPTests */,
			);
		};
/* End PBXProject section */

/* Begin PBXResourcesBuildPhase section */
		931221C024F0137F00929C01 /* Resources */ = {
			isa = PBXResourcesBuildPhase;
			buildActionMask = 2147483647;
			files = (
				9320C01E251A1569008F20B0 /* irig_keys_25.pdf in Resources */,
				931221C924F0139300929C01 /* Assets.xcassets in Resources */,
				931221CC24F0139300929C01 /* MainMenu.xib in Resources */,
				9363D9512508994E0075FEF0 /* test_xref.pdf in Resources */,
			);
			runOnlyForDeploymentPostprocessing = 0;
		};
		931221D324F0139700929C01 /* Resources */ = {
			isa = PBXResourcesBuildPhase;
			buildActionMask = 2147483647;
			files = (
				9320C01C251A1552008F20B0 /* irig_keys_25.pdf in Resources */,
				936C4305250363E800FFE547 /* test_xref.pdf in Resources */,
			);
			runOnlyForDeploymentPostprocessing = 0;
		};
/* End PBXResourcesBuildPhase section */

/* Begin PBXSourcesBuildPhase section */
		931221BE24F0137F00929C01 /* Sources */ = {
			isa = PBXSourcesBuildPhase;
			buildActionMask = 2147483647;
			files = (
				9373EEF6251C84A80066AD2A /* GFont.m in Sources */,
				93427469252082CA00CA3DBE /* GGraphicsState.m in Sources */,
				93159E62252B09F400F87451 /* GTextParser.m in Sources */,
				93159E5F252AEB5E00F87451 /* GGlyph.m in Sources */,
				9363D94A250895610075FEF0 /* GDocument.m in Sources */,
				935BCC3A252C61B900868C01 /* GWord.m in Sources */,
				93DC04C424F7B335003AC9B0 /* GParser.m in Sources */,
				93DC04C924F7B6EB003AC9B0 /* GObjects.m in Sources */,
				931221CF24F0139300929C01 /* main.m in Sources */,
				931ECFB12518911A00E26EFA /* GInterpreter.m in Sources */,
				93E336FD24F1265300F91F74 /* GLexer.m in Sources */,
				930ACC9B250759780092206C /* GDecoders.m in Sources */,
				9373EEF3251C7E840066AD2A /* GTextState.m in Sources */,
				93A8692D25147ECA0033DC22 /* GMisc.m in Sources */,
				93A8692A251399760033DC22 /* GPage.m in Sources */,
				931221C724F0137F00929C01 /* AppDelegate.m in Sources */,
			);
			runOnlyForDeploymentPostprocessing = 0;
		};
		931221D124F0139700929C01 /* Sources */ = {
			isa = PBXSourcesBuildPhase;
			buildActionMask = 2147483647;
			files = (
				9320C01A2519C7F8008F20B0 /* GInterpreterTests.m in Sources */,
				9355AEB924F12DCC00764E36 /* GLexerTests.m in Sources */,
				930ACC9D250763C30092206C /* GDecodersTests.m in Sources */,
				93DC04C624F7B474003AC9B0 /* GParserTests.m in Sources */,
			);
			runOnlyForDeploymentPostprocessing = 0;
		};
/* End PBXSourcesBuildPhase section */

/* Begin PBXTargetDependency section */
		931221D724F0139700929C01 /* PBXTargetDependency */ = {
			isa = PBXTargetDependency;
			target = 931221C124F0137F00929C01 /* PEP */;
			targetProxy = 931221D624F0139700929C01 /* PBXContainerItemProxy */;
		};
/* End PBXTargetDependency section */

/* Begin PBXVariantGroup section */
		931221CA24F0139300929C01 /* MainMenu.xib */ = {
			isa = PBXVariantGroup;
			children = (
				931221CB24F0139300929C01 /* Base */,
			);
			name = MainMenu.xib;
			sourceTree = "<group>";
		};
/* End PBXVariantGroup section */

/* Begin XCBuildConfiguration section */
		931221E724F0139700929C01 /* Debug */ = {
			isa = XCBuildConfiguration;
			buildSettings = {
				ALWAYS_SEARCH_USER_PATHS = NO;
				CLANG_ANALYZER_NONNULL = YES;
				CLANG_ANALYZER_NUMBER_OBJECT_CONVERSION = YES_AGGRESSIVE;
				CLANG_CXX_LANGUAGE_STANDARD = "gnu++14";
				CLANG_CXX_LIBRARY = "libc++";
				CLANG_ENABLE_MODULES = YES;
				CLANG_ENABLE_OBJC_ARC = YES;
				CLANG_ENABLE_OBJC_WEAK = YES;
				CLANG_WARN_BLOCK_CAPTURE_AUTORELEASING = YES;
				CLANG_WARN_BOOL_CONVERSION = YES;
				CLANG_WARN_COMMA = YES;
				CLANG_WARN_CONSTANT_CONVERSION = YES;
				CLANG_WARN_DEPRECATED_OBJC_IMPLEMENTATIONS = YES;
				CLANG_WARN_DIRECT_OBJC_ISA_USAGE = YES_ERROR;
				CLANG_WARN_DOCUMENTATION_COMMENTS = YES;
				CLANG_WARN_EMPTY_BODY = YES;
				CLANG_WARN_ENUM_CONVERSION = YES;
				CLANG_WARN_INFINITE_RECURSION = YES;
				CLANG_WARN_INT_CONVERSION = YES;
				CLANG_WARN_NON_LITERAL_NULL_CONVERSION = YES;
				CLANG_WARN_OBJC_IMPLICIT_RETAIN_SELF = YES;
				CLANG_WARN_OBJC_LITERAL_CONVERSION = YES;
				CLANG_WARN_OBJC_ROOT_CLASS = YES_ERROR;
				CLANG_WARN_RANGE_LOOP_ANALYSIS = YES;
				CLANG_WARN_STRICT_PROTOTYPES = YES;
				CLANG_WARN_SUSPICIOUS_MOVE = YES;
				CLANG_WARN_UNGUARDED_AVAILABILITY = YES_AGGRESSIVE;
				CLANG_WARN_UNREACHABLE_CODE = YES;
				CLANG_WARN__DUPLICATE_METHOD_MATCH = YES;
				COPY_PHASE_STRIP = NO;
				DEBUG_INFORMATION_FORMAT = dwarf;
				ENABLE_STRICT_OBJC_MSGSEND = YES;
				ENABLE_TESTABILITY = YES;
				GCC_C_LANGUAGE_STANDARD = gnu11;
				GCC_DYNAMIC_NO_PIC = NO;
				GCC_NO_COMMON_BLOCKS = YES;
				GCC_OPTIMIZATION_LEVEL = 0;
				GCC_PREPROCESSOR_DEFINITIONS = (
					"DEBUG=1",
					"$(inherited)",
				);
				GCC_WARN_64_TO_32_BIT_CONVERSION = YES;
				GCC_WARN_ABOUT_RETURN_TYPE = YES_ERROR;
				GCC_WARN_UNDECLARED_SELECTOR = YES;
				GCC_WARN_UNINITIALIZED_AUTOS = YES_AGGRESSIVE;
				GCC_WARN_UNUSED_FUNCTION = YES;
				GCC_WARN_UNUSED_VARIABLE = YES;
				MACOSX_DEPLOYMENT_TARGET = 10.15;
				MTL_ENABLE_DEBUG_INFO = INCLUDE_SOURCE;
				MTL_FAST_MATH = YES;
				ONLY_ACTIVE_ARCH = YES;
				SDKROOT = macosx;
			};
			name = Debug;
		};
		931221E824F0139700929C01 /* Release */ = {
			isa = XCBuildConfiguration;
			buildSettings = {
				ALWAYS_SEARCH_USER_PATHS = NO;
				CLANG_ANALYZER_NONNULL = YES;
				CLANG_ANALYZER_NUMBER_OBJECT_CONVERSION = YES_AGGRESSIVE;
				CLANG_CXX_LANGUAGE_STANDARD = "gnu++14";
				CLANG_CXX_LIBRARY = "libc++";
				CLANG_ENABLE_MODULES = YES;
				CLANG_ENABLE_OBJC_ARC = YES;
				CLANG_ENABLE_OBJC_WEAK = YES;
				CLANG_WARN_BLOCK_CAPTURE_AUTORELEASING = YES;
				CLANG_WARN_BOOL_CONVERSION = YES;
				CLANG_WARN_COMMA = YES;
				CLANG_WARN_CONSTANT_CONVERSION = YES;
				CLANG_WARN_DEPRECATED_OBJC_IMPLEMENTATIONS = YES;
				CLANG_WARN_DIRECT_OBJC_ISA_USAGE = YES_ERROR;
				CLANG_WARN_DOCUMENTATION_COMMENTS = YES;
				CLANG_WARN_EMPTY_BODY = YES;
				CLANG_WARN_ENUM_CONVERSION = YES;
				CLANG_WARN_INFINITE_RECURSION = YES;
				CLANG_WARN_INT_CONVERSION = YES;
				CLANG_WARN_NON_LITERAL_NULL_CONVERSION = YES;
				CLANG_WARN_OBJC_IMPLICIT_RETAIN_SELF = YES;
				CLANG_WARN_OBJC_LITERAL_CONVERSION = YES;
				CLANG_WARN_OBJC_ROOT_CLASS = YES_ERROR;
				CLANG_WARN_RANGE_LOOP_ANALYSIS = YES;
				CLANG_WARN_STRICT_PROTOTYPES = YES;
				CLANG_WARN_SUSPICIOUS_MOVE = YES;
				CLANG_WARN_UNGUARDED_AVAILABILITY = YES_AGGRESSIVE;
				CLANG_WARN_UNREACHABLE_CODE = YES;
				CLANG_WARN__DUPLICATE_METHOD_MATCH = YES;
				COPY_PHASE_STRIP = NO;
				DEBUG_INFORMATION_FORMAT = "dwarf-with-dsym";
				ENABLE_NS_ASSERTIONS = NO;
				ENABLE_STRICT_OBJC_MSGSEND = YES;
				GCC_C_LANGUAGE_STANDARD = gnu11;
				GCC_NO_COMMON_BLOCKS = YES;
				GCC_WARN_64_TO_32_BIT_CONVERSION = YES;
				GCC_WARN_ABOUT_RETURN_TYPE = YES_ERROR;
				GCC_WARN_UNDECLARED_SELECTOR = YES;
				GCC_WARN_UNINITIALIZED_AUTOS = YES_AGGRESSIVE;
				GCC_WARN_UNUSED_FUNCTION = YES;
				GCC_WARN_UNUSED_VARIABLE = YES;
				MACOSX_DEPLOYMENT_TARGET = 10.15;
				MTL_ENABLE_DEBUG_INFO = NO;
				MTL_FAST_MATH = YES;
				SDKROOT = macosx;
			};
			name = Release;
		};
		931221EA24F0139700929C01 /* Debug */ = {
			isa = XCBuildConfiguration;
			buildSettings = {
				ASSETCATALOG_COMPILER_APPICON_NAME = AppIcon;
				CODE_SIGN_ENTITLEMENTS = PEP/PEP.entitlements;
				CODE_SIGN_STYLE = Automatic;
				COMBINE_HIDPI_IMAGES = YES;
				INFOPLIST_FILE = PEP/Info.plist;
				LD_RUNPATH_SEARCH_PATHS = (
					"$(inherited)",
					"@executable_path/../Frameworks",
				);
				MACOSX_DEPLOYMENT_TARGET = 10.15;
				MARKETING_VERSION = "0.1 alpha";
				PRODUCT_BUNDLE_IDENTIFIER = org.macpep.pep;
				PRODUCT_NAME = "$(TARGET_NAME)";
			};
			name = Debug;
		};
		931221EB24F0139700929C01 /* Release */ = {
			isa = XCBuildConfiguration;
			buildSettings = {
				ASSETCATALOG_COMPILER_APPICON_NAME = AppIcon;
				CODE_SIGN_ENTITLEMENTS = PEP/PEP.entitlements;
				CODE_SIGN_STYLE = Automatic;
				COMBINE_HIDPI_IMAGES = YES;
				INFOPLIST_FILE = PEP/Info.plist;
				LD_RUNPATH_SEARCH_PATHS = (
					"$(inherited)",
					"@executable_path/../Frameworks",
				);
				MACOSX_DEPLOYMENT_TARGET = 10.15;
				MARKETING_VERSION = "0.1 alpha";
				PRODUCT_BUNDLE_IDENTIFIER = org.macpep.pep;
				PRODUCT_NAME = "$(TARGET_NAME)";
			};
			name = Release;
		};
		931221ED24F0139700929C01 /* Debug */ = {
			isa = XCBuildConfiguration;
			buildSettings = {
				BUNDLE_LOADER = "$(TEST_HOST)";
				CODE_SIGN_STYLE = Automatic;
				COMBINE_HIDPI_IMAGES = YES;
				INFOPLIST_FILE = PEPTests/Info.plist;
				LD_RUNPATH_SEARCH_PATHS = (
					"$(inherited)",
					"@executable_path/../Frameworks",
					"@loader_path/../Frameworks",
				);
				MACOSX_DEPLOYMENT_TARGET = 10.15;
				PRODUCT_BUNDLE_IDENTIFIER = org.macpep.PEPTests;
				PRODUCT_NAME = "$(TARGET_NAME)";
				TEST_HOST = "$(BUILT_PRODUCTS_DIR)/PEP.app/Contents/MacOS/PEP";
			};
			name = Debug;
		};
		931221EE24F0139700929C01 /* Release */ = {
			isa = XCBuildConfiguration;
			buildSettings = {
				BUNDLE_LOADER = "$(TEST_HOST)";
				CODE_SIGN_STYLE = Automatic;
				COMBINE_HIDPI_IMAGES = YES;
				INFOPLIST_FILE = PEPTests/Info.plist;
				LD_RUNPATH_SEARCH_PATHS = (
					"$(inherited)",
					"@executable_path/../Frameworks",
					"@loader_path/../Frameworks",
				);
				MACOSX_DEPLOYMENT_TARGET = 10.15;
				PRODUCT_BUNDLE_IDENTIFIER = org.macpep.PEPTests;
				PRODUCT_NAME = "$(TARGET_NAME)";
				TEST_HOST = "$(BUILT_PRODUCTS_DIR)/PEP.app/Contents/MacOS/PEP";
			};
			name = Release;
		};
/* End XCBuildConfiguration section */

/* Begin XCConfigurationList section */
		931221BD24F0137F00929C01 /* Build configuration list for PBXProject "PEP" */ = {
			isa = XCConfigurationList;
			buildConfigurations = (
				931221E724F0139700929C01 /* Debug */,
				931221E824F0139700929C01 /* Release */,
			);
			defaultConfigurationIsVisible = 0;
			defaultConfigurationName = Release;
		};
		931221E924F0139700929C01 /* Build configuration list for PBXNativeTarget "PEP" */ = {
			isa = XCConfigurationList;
			buildConfigurations = (
				931221EA24F0139700929C01 /* Debug */,
				931221EB24F0139700929C01 /* Release */,
			);
			defaultConfigurationIsVisible = 0;
			defaultConfigurationName = Release;
		};
		931221EC24F0139700929C01 /* Build configuration list for PBXNativeTarget "PEPTests" */ = {
			isa = XCConfigurationList;
			buildConfigurations = (
				931221ED24F0139700929C01 /* Debug */,
				931221EE24F0139700929C01 /* Release */,
			);
			defaultConfigurationIsVisible = 0;
			defaultConfigurationName = Release;
		};
/* End XCConfigurationList section */
	};
	rootObject = 931221BA24F0137F00929C01 /* Project object */;
}
