// !$*UTF8*$!
{
	archiveVersion = 1;
	classes = {
	};
	objectVersion = 50;
	objects = {

/* Begin PBXBuildFile section */
		1C956CDF26131A98005C7D2C /* GCMap.m in Sources */ = {isa = PBXBuildFile; fileRef = 1C956CDE26131A98005C7D2C /* GCMap.m */; };
		9301BEFB25554A05000C6F4E /* A Sample PDF.pdf in Resources */ = {isa = PBXBuildFile; fileRef = 9301BEFA25554A05000C6F4E /* A Sample PDF.pdf */; };
		9301BEFD25554A11000C6F4E /* A Sample PDF.pdf in Resources */ = {isa = PBXBuildFile; fileRef = 9301BEFC25554A10000C6F4E /* A Sample PDF.pdf */; };
		9307B2AA255A6996000468A9 /* GCompiler.m in Sources */ = {isa = PBXBuildFile; fileRef = 9307B2A9255A6996000468A9 /* GCompiler.m */; };
		930ACC9B250759780092206C /* GDecoders.m in Sources */ = {isa = PBXBuildFile; fileRef = 930ACC9A250759780092206C /* GDecoders.m */; };
		930ACC9D250763C30092206C /* GDecodersTests.m in Sources */ = {isa = PBXBuildFile; fileRef = 930ACC9C250763C30092206C /* GDecodersTests.m */; };
		930B09BB25412AEE00ED00BD /* GMiscTests.m in Sources */ = {isa = PBXBuildFile; fileRef = 930B09BA25412AEE00ED00BD /* GMiscTests.m */; };
		930FA4AA259C696C004D1F7D /* bug_extra_char.pdf in Resources */ = {isa = PBXBuildFile; fileRef = 930FA4A9259C696B004D1F7D /* bug_extra_char.pdf */; };
		931221C724F0137F00929C01 /* AppDelegate.m in Sources */ = {isa = PBXBuildFile; fileRef = 931221C624F0137F00929C01 /* AppDelegate.m */; };
		931221C924F0139300929C01 /* Assets.xcassets in Resources */ = {isa = PBXBuildFile; fileRef = 931221C824F0139300929C01 /* Assets.xcassets */; };
		931221CC24F0139300929C01 /* MainMenu.xib in Resources */ = {isa = PBXBuildFile; fileRef = 931221CA24F0139300929C01 /* MainMenu.xib */; };
		931221CF24F0139300929C01 /* main.m in Sources */ = {isa = PBXBuildFile; fileRef = 931221CE24F0139300929C01 /* main.m */; };
		93159E5F252AEB5E00F87451 /* GGlyph.m in Sources */ = {isa = PBXBuildFile; fileRef = 93159E5E252AEB5E00F87451 /* GGlyph.m */; };
		93159E62252B09F400F87451 /* GTextParser.m in Sources */ = {isa = PBXBuildFile; fileRef = 93159E61252B09F400F87451 /* GTextParser.m */; };
		931ECFB12518911A00E26EFA /* GInterpreter.m in Sources */ = {isa = PBXBuildFile; fileRef = 931ECFB02518911A00E26EFA /* GInterpreter.m */; };
		9320C01A2519C7F8008F20B0 /* GInterpreterTests.m in Sources */ = {isa = PBXBuildFile; fileRef = 9320C0192519C7F8008F20B0 /* GInterpreterTests.m */; };
		9320C01C251A1552008F20B0 /* irig_keys_25.pdf in Resources */ = {isa = PBXBuildFile; fileRef = 9320C01B251A1552008F20B0 /* irig_keys_25.pdf */; };
		9320C01E251A1569008F20B0 /* irig_keys_25.pdf in Resources */ = {isa = PBXBuildFile; fileRef = 9320C01D251A1568008F20B0 /* irig_keys_25.pdf */; };
		932FF6EC2563D79800808652 /* PEPSideView.m in Sources */ = {isa = PBXBuildFile; fileRef = 932FF6EB2563D79800808652 /* PEPSideView.m */; };
		93311A10254EA5EF00D58E06 /* PEP_Incremental.pdf in Resources */ = {isa = PBXBuildFile; fileRef = 93311A0F254EA5EF00D58E06 /* PEP_Incremental.pdf */; };
		93311A12254EA60500D58E06 /* PEP_Incremental.pdf in Resources */ = {isa = PBXBuildFile; fileRef = 93311A11254EA60500D58E06 /* PEP_Incremental.pdf */; };
		93386D382568E6D400B63E8E /* Super Mario World.pdf in Resources */ = {isa = PBXBuildFile; fileRef = 93386D372568E6D400B63E8E /* Super Mario World.pdf */; };
		93386D442568F6BD00B63E8E /* Super Mario World.pdf in Resources */ = {isa = PBXBuildFile; fileRef = 93386D432568F6BD00B63E8E /* Super Mario World.pdf */; };
		933F589825E77C7900D28996 /* GFontEncoding.m in Sources */ = {isa = PBXBuildFile; fileRef = 933F589725E77C7900D28996 /* GFontEncoding.m */; };
		933F589E25E77DCE00D28996 /* GFontEncodingTests.m in Sources */ = {isa = PBXBuildFile; fileRef = 933F589D25E77DCE00D28996 /* GFontEncodingTests.m */; };
		93427469252082CA00CA3DBE /* GGraphicsState.m in Sources */ = {isa = PBXBuildFile; fileRef = 93427468252082CA00CA3DBE /* GGraphicsState.m */; };
		9346A86125305B2800804506 /* GTextBlock.m in Sources */ = {isa = PBXBuildFile; fileRef = 9346A86025305B2800804506 /* GTextBlock.m */; };
		9355AEB924F12DCC00764E36 /* GLexerTests.m in Sources */ = {isa = PBXBuildFile; fileRef = 9355AEB824F12DCC00764E36 /* GLexerTests.m */; };
		93576003255FC6F600102C92 /* PEPWindow.m in Sources */ = {isa = PBXBuildFile; fileRef = 93576002255FC6F600102C92 /* PEPWindow.m */; };
		93576008255FC83900102C92 /* PEPContentView.m in Sources */ = {isa = PBXBuildFile; fileRef = 93576007255FC83900102C92 /* PEPContentView.m */; };
		9359739625416F1000BB217D /* GPageTests.m in Sources */ = {isa = PBXBuildFile; fileRef = 9359739525416F1000BB217D /* GPageTests.m */; };
		93597398254178EF00BB217D /* GObjectsTests.m in Sources */ = {isa = PBXBuildFile; fileRef = 93597397254178EF00BB217D /* GObjectsTests.m */; };
		9359739E2543B36800BB217D /* PEP_GillSans.pdf in Resources */ = {isa = PBXBuildFile; fileRef = 9359739D2543B36800BB217D /* PEP_GillSans.pdf */; };
		935973A02543B37500BB217D /* PEP_GillSans.pdf in Resources */ = {isa = PBXBuildFile; fileRef = 9359739F2543B37500BB217D /* PEP_GillSans.pdf */; };
		935BCC3A252C61B900868C01 /* GWord.m in Sources */ = {isa = PBXBuildFile; fileRef = 935BCC39252C61B900868C01 /* GWord.m */; };
		9363D94A250895610075FEF0 /* GDocument.m in Sources */ = {isa = PBXBuildFile; fileRef = 9363D949250895610075FEF0 /* GDocument.m */; };
		9363D9512508994E0075FEF0 /* test_xref.pdf in Resources */ = {isa = PBXBuildFile; fileRef = 9363D9502508994E0075FEF0 /* test_xref.pdf */; };
		936C4305250363E800FFE547 /* test_xref.pdf in Resources */ = {isa = PBXBuildFile; fileRef = 936C4304250363E700FFE547 /* test_xref.pdf */; };
		9373EEF3251C7E840066AD2A /* GTextState.m in Sources */ = {isa = PBXBuildFile; fileRef = 9373EEF2251C7E840066AD2A /* GTextState.m */; };
		9373EEF6251C84A80066AD2A /* GFont.m in Sources */ = {isa = PBXBuildFile; fileRef = 9373EEF5251C84A80066AD2A /* GFont.m */; };
		93899B0225594EF2001D79A8 /* A Sample PDF(Updated).pdf in Resources */ = {isa = PBXBuildFile; fileRef = 93899B0125594EF2001D79A8 /* A Sample PDF(Updated).pdf */; };
		93899B0425594F04001D79A8 /* A Sample PDF(Updated).pdf in Resources */ = {isa = PBXBuildFile; fileRef = 93899B0325594F04001D79A8 /* A Sample PDF(Updated).pdf */; };
		938A4E6F252EEFDF00504235 /* GLine.m in Sources */ = {isa = PBXBuildFile; fileRef = 938A4E6E252EEFDF00504235 /* GLine.m */; };
		938EB9752545A0D80045F463 /* tab.pdf in Resources */ = {isa = PBXBuildFile; fileRef = 938EB9742545A0D80045F463 /* tab.pdf */; };
		938EB9772545A0F50045F463 /* tab.pdf in Resources */ = {isa = PBXBuildFile; fileRef = 938EB9762545A0F50045F463 /* tab.pdf */; };
		9392912F25624202003F062A /* PEPTool.m in Sources */ = {isa = PBXBuildFile; fileRef = 9392912E25624202003F062A /* PEPTool.m */; };
		9392914525624C52003F062A /* cursor-text.png in Resources */ = {isa = PBXBuildFile; fileRef = 9392914325624C52003F062A /* cursor-text.png */; };
		9392914625624C52003F062A /* cursor-text@2x.png in Resources */ = {isa = PBXBuildFile; fileRef = 9392914425624C52003F062A /* cursor-text@2x.png */; };
		9392915825625AF0003F062A /* image@2x.png in Resources */ = {isa = PBXBuildFile; fileRef = 9392915625625AF0003F062A /* image@2x.png */; };
		9392915925625AF0003F062A /* image.png in Resources */ = {isa = PBXBuildFile; fileRef = 9392915725625AF0003F062A /* image.png */; };
		9397A56A25652DB5003969B8 /* PEPMisc.m in Sources */ = {isa = PBXBuildFile; fileRef = 9397A56925652DB5003969B8 /* PEPMisc.m */; };
		9397A56F25653D48003969B8 /* PEPMiscTests.m in Sources */ = {isa = PBXBuildFile; fileRef = 9397A56E25653D48003969B8 /* PEPMiscTests.m */; };
		93A46B6425DB9FE30078D2FA /* GFontInfo.m in Sources */ = {isa = PBXBuildFile; fileRef = 93A46B6325DB9FE30078D2FA /* GFontInfo.m */; };
		93A46B6825DBA1E50078D2FA /* GFontInfoTests.m in Sources */ = {isa = PBXBuildFile; fileRef = 93A46B6725DBA1E50078D2FA /* GFontInfoTests.m */; };
		93A8692A251399760033DC22 /* GPage.m in Sources */ = {isa = PBXBuildFile; fileRef = 93A86929251399760033DC22 /* GPage.m */; };
		93A8692D25147ECA0033DC22 /* GMisc.m in Sources */ = {isa = PBXBuildFile; fileRef = 93A8692C25147ECA0033DC22 /* GMisc.m */; };
		93B707AC255D129200F326EB /* bug_hex_string.pdf in Resources */ = {isa = PBXBuildFile; fileRef = 93B707AB255D129200F326EB /* bug_hex_string.pdf */; };
		93B707AE255D129E00F326EB /* bug_hex_string.pdf in Resources */ = {isa = PBXBuildFile; fileRef = 93B707AD255D129E00F326EB /* bug_hex_string.pdf */; };
		93BACA2D25ECD0BB00DDEC59 /* GTJText.m in Sources */ = {isa = PBXBuildFile; fileRef = 93BACA2C25ECD0B900DDEC59 /* GTJText.m */; };
		93C0E6162560F5A200D4E508 /* PEPTopView.m in Sources */ = {isa = PBXBuildFile; fileRef = 93C0E6152560F5A200D4E508 /* PEPTopView.m */; };
		93C0E61D256119F700D4E508 /* PEPTabView.m in Sources */ = {isa = PBXBuildFile; fileRef = 93C0E61C256119F700D4E508 /* PEPTabView.m */; };
		93C0E62425611E9100D4E508 /* PEPTab.m in Sources */ = {isa = PBXBuildFile; fileRef = 93C0E62325611E9100D4E508 /* PEPTab.m */; };
		93C0E62C2561412F00D4E508 /* PEPToolbarView.m in Sources */ = {isa = PBXBuildFile; fileRef = 93C0E62B2561412F00D4E508 /* PEPToolbarView.m */; };
		93CA1E6825DCACB900DF7949 /* GEncodings.m in Sources */ = {isa = PBXBuildFile; fileRef = 93CA1E6725DCACB900DF7949 /* GEncodings.m */; };
		93D48C1E2536CAAA002DD41B /* GTextEditor.m in Sources */ = {isa = PBXBuildFile; fileRef = 93D48C1D2536CAAA002DD41B /* GTextEditor.m */; };
		93DB0FC0255CCD350030F33A /* Sample_001.pdf in Resources */ = {isa = PBXBuildFile; fileRef = 93DB0FBF255CCD350030F33A /* Sample_001.pdf */; };
		93DB0FC2255CCD410030F33A /* Sample_001.pdf in Resources */ = {isa = PBXBuildFile; fileRef = 93DB0FC1255CCD410030F33A /* Sample_001.pdf */; };
		93DC04C424F7B335003AC9B0 /* GParser.m in Sources */ = {isa = PBXBuildFile; fileRef = 93DC04C324F7B335003AC9B0 /* GParser.m */; };
		93DC04C624F7B474003AC9B0 /* GParserTests.m in Sources */ = {isa = PBXBuildFile; fileRef = 93DC04C524F7B474003AC9B0 /* GParserTests.m */; };
		93DC04C924F7B6EB003AC9B0 /* GObjects.m in Sources */ = {isa = PBXBuildFile; fileRef = 93DC04C824F7B6EB003AC9B0 /* GObjects.m */; };
		93DEC33D25401C3D00E280B0 /* GEncoders.m in Sources */ = {isa = PBXBuildFile; fileRef = 93DEC33C25401C3D00E280B0 /* GEncoders.m */; };
		93DEC33F25401E1700E280B0 /* GEncodersTests.m in Sources */ = {isa = PBXBuildFile; fileRef = 93DEC33E25401E1700E280B0 /* GEncodersTests.m */; };
		93DEC3422540238C00E280B0 /* GBinaryData.m in Sources */ = {isa = PBXBuildFile; fileRef = 93DEC3412540238C00E280B0 /* GBinaryData.m */; };
		93E336FD24F1265300F91F74 /* GLexer.m in Sources */ = {isa = PBXBuildFile; fileRef = 93E336F824F1254300F91F74 /* GLexer.m */; };
		93FEFCDB25CBC33F0095E19D /* GEncodingsTests.m in Sources */ = {isa = PBXBuildFile; fileRef = 93FEFCDA25CBC33F0095E19D /* GEncodingsTests.m */; };
/* End PBXBuildFile section */

/* Begin PBXContainerItemProxy section */
		931221D624F0139700929C01 /* PBXContainerItemProxy */ = {
			isa = PBXContainerItemProxy;
			containerPortal = 931221BA24F0137F00929C01 /* Project object */;
			proxyType = 1;
			remoteGlobalIDString = 931221C124F0137F00929C01;
			remoteInfo = PEP;
		};
/* End PBXContainerItemProxy section */

/* Begin PBXFileReference section */
		1C956CDD26131A98005C7D2C /* GCMap.h */ = {isa = PBXFileReference; lastKnownFileType = sourcecode.c.h; path = GCMap.h; sourceTree = "<group>"; };
		1C956CDE26131A98005C7D2C /* GCMap.m */ = {isa = PBXFileReference; lastKnownFileType = sourcecode.c.objc; path = GCMap.m; sourceTree = "<group>"; };
		9301BEFA25554A05000C6F4E /* A Sample PDF.pdf */ = {isa = PBXFileReference; lastKnownFileType = image.pdf; path = "A Sample PDF.pdf"; sourceTree = "<group>"; };
		9301BEFC25554A10000C6F4E /* A Sample PDF.pdf */ = {isa = PBXFileReference; lastKnownFileType = image.pdf; name = "A Sample PDF.pdf"; path = "PEPTests/pdf/A Sample PDF.pdf"; sourceTree = SOURCE_ROOT; };
		9307B2A8255A6996000468A9 /* GCompiler.h */ = {isa = PBXFileReference; lastKnownFileType = sourcecode.c.h; path = GCompiler.h; sourceTree = "<group>"; };
		9307B2A9255A6996000468A9 /* GCompiler.m */ = {isa = PBXFileReference; lastKnownFileType = sourcecode.c.objc; path = GCompiler.m; sourceTree = "<group>"; };
		930ACC99250759780092206C /* GDecoders.h */ = {isa = PBXFileReference; lastKnownFileType = sourcecode.c.h; path = GDecoders.h; sourceTree = "<group>"; };
		930ACC9A250759780092206C /* GDecoders.m */ = {isa = PBXFileReference; lastKnownFileType = sourcecode.c.objc; path = GDecoders.m; sourceTree = "<group>"; };
		930ACC9C250763C30092206C /* GDecodersTests.m */ = {isa = PBXFileReference; lastKnownFileType = sourcecode.c.objc; path = GDecodersTests.m; sourceTree = "<group>"; };
		930B09BA25412AEE00ED00BD /* GMiscTests.m */ = {isa = PBXFileReference; lastKnownFileType = sourcecode.c.objc; path = GMiscTests.m; sourceTree = "<group>"; };
		930FA4A9259C696B004D1F7D /* bug_extra_char.pdf */ = {isa = PBXFileReference; lastKnownFileType = image.pdf; path = bug_extra_char.pdf; sourceTree = "<group>"; };
		931221C224F0137F00929C01 /* PEP.app */ = {isa = PBXFileReference; explicitFileType = wrapper.application; includeInIndex = 0; path = PEP.app; sourceTree = BUILT_PRODUCTS_DIR; };
		931221C524F0137F00929C01 /* AppDelegate.h */ = {isa = PBXFileReference; lastKnownFileType = sourcecode.c.h; path = AppDelegate.h; sourceTree = "<group>"; };
		931221C624F0137F00929C01 /* AppDelegate.m */ = {isa = PBXFileReference; lastKnownFileType = sourcecode.c.objc; path = AppDelegate.m; sourceTree = "<group>"; };
		931221C824F0139300929C01 /* Assets.xcassets */ = {isa = PBXFileReference; lastKnownFileType = folder.assetcatalog; path = Assets.xcassets; sourceTree = "<group>"; };
		931221CB24F0139300929C01 /* Base */ = {isa = PBXFileReference; lastKnownFileType = file.xib; name = Base; path = Base.lproj/MainMenu.xib; sourceTree = "<group>"; };
		931221CD24F0139300929C01 /* Info.plist */ = {isa = PBXFileReference; lastKnownFileType = text.plist.xml; path = Info.plist; sourceTree = "<group>"; };
		931221CE24F0139300929C01 /* main.m */ = {isa = PBXFileReference; lastKnownFileType = sourcecode.c.objc; path = main.m; sourceTree = "<group>"; };
		931221D024F0139300929C01 /* PEP.entitlements */ = {isa = PBXFileReference; lastKnownFileType = text.plist.entitlements; path = PEP.entitlements; sourceTree = "<group>"; };
		931221D524F0139700929C01 /* PEPTests.xctest */ = {isa = PBXFileReference; explicitFileType = wrapper.cfbundle; includeInIndex = 0; path = PEPTests.xctest; sourceTree = BUILT_PRODUCTS_DIR; };
		931221DB24F0139700929C01 /* Info.plist */ = {isa = PBXFileReference; lastKnownFileType = text.plist.xml; path = Info.plist; sourceTree = "<group>"; };
		93159E5D252AEB5E00F87451 /* GGlyph.h */ = {isa = PBXFileReference; lastKnownFileType = sourcecode.c.h; path = GGlyph.h; sourceTree = "<group>"; };
		93159E5E252AEB5E00F87451 /* GGlyph.m */ = {isa = PBXFileReference; lastKnownFileType = sourcecode.c.objc; path = GGlyph.m; sourceTree = "<group>"; };
		93159E60252B09F400F87451 /* GTextParser.h */ = {isa = PBXFileReference; lastKnownFileType = sourcecode.c.h; path = GTextParser.h; sourceTree = "<group>"; };
		93159E61252B09F400F87451 /* GTextParser.m */ = {isa = PBXFileReference; lastKnownFileType = sourcecode.c.objc; path = GTextParser.m; sourceTree = "<group>"; };
		931ECFAF2518911A00E26EFA /* GInterpreter.h */ = {isa = PBXFileReference; lastKnownFileType = sourcecode.c.h; path = GInterpreter.h; sourceTree = "<group>"; };
		931ECFB02518911A00E26EFA /* GInterpreter.m */ = {isa = PBXFileReference; lastKnownFileType = sourcecode.c.objc; path = GInterpreter.m; sourceTree = "<group>"; };
		9320C0192519C7F8008F20B0 /* GInterpreterTests.m */ = {isa = PBXFileReference; lastKnownFileType = sourcecode.c.objc; path = GInterpreterTests.m; sourceTree = "<group>"; };
		9320C01B251A1552008F20B0 /* irig_keys_25.pdf */ = {isa = PBXFileReference; lastKnownFileType = image.pdf; path = irig_keys_25.pdf; sourceTree = "<group>"; };
		9320C01D251A1568008F20B0 /* irig_keys_25.pdf */ = {isa = PBXFileReference; lastKnownFileType = image.pdf; name = irig_keys_25.pdf; path = PEPTests/pdf/irig_keys_25.pdf; sourceTree = SOURCE_ROOT; };
		932FF6EA2563D79800808652 /* PEPSideView.h */ = {isa = PBXFileReference; lastKnownFileType = sourcecode.c.h; path = PEPSideView.h; sourceTree = "<group>"; };
		932FF6EB2563D79800808652 /* PEPSideView.m */ = {isa = PBXFileReference; lastKnownFileType = sourcecode.c.objc; path = PEPSideView.m; sourceTree = "<group>"; };
		93311A0F254EA5EF00D58E06 /* PEP_Incremental.pdf */ = {isa = PBXFileReference; lastKnownFileType = image.pdf; path = PEP_Incremental.pdf; sourceTree = "<group>"; };
		93311A11254EA60500D58E06 /* PEP_Incremental.pdf */ = {isa = PBXFileReference; lastKnownFileType = image.pdf; name = PEP_Incremental.pdf; path = PEPTests/pdf/PEP_Incremental.pdf; sourceTree = SOURCE_ROOT; };
		93386D372568E6D400B63E8E /* Super Mario World.pdf */ = {isa = PBXFileReference; lastKnownFileType = image.pdf; path = "Super Mario World.pdf"; sourceTree = "<group>"; };
		93386D432568F6BD00B63E8E /* Super Mario World.pdf */ = {isa = PBXFileReference; lastKnownFileType = image.pdf; name = "Super Mario World.pdf"; path = "PEPTests/pdf/Super Mario World.pdf"; sourceTree = SOURCE_ROOT; };
		933F589625E77C7900D28996 /* GFontEncoding.h */ = {isa = PBXFileReference; lastKnownFileType = sourcecode.c.h; path = GFontEncoding.h; sourceTree = "<group>"; };
		933F589725E77C7900D28996 /* GFontEncoding.m */ = {isa = PBXFileReference; lastKnownFileType = sourcecode.c.objc; path = GFontEncoding.m; sourceTree = "<group>"; };
		933F589D25E77DCE00D28996 /* GFontEncodingTests.m */ = {isa = PBXFileReference; lastKnownFileType = sourcecode.c.objc; path = GFontEncodingTests.m; sourceTree = "<group>"; };
		93427467252082CA00CA3DBE /* GGraphicsState.h */ = {isa = PBXFileReference; lastKnownFileType = sourcecode.c.h; path = GGraphicsState.h; sourceTree = "<group>"; };
		93427468252082CA00CA3DBE /* GGraphicsState.m */ = {isa = PBXFileReference; lastKnownFileType = sourcecode.c.objc; path = GGraphicsState.m; sourceTree = "<group>"; };
		9346A85F25305B2800804506 /* GTextBlock.h */ = {isa = PBXFileReference; lastKnownFileType = sourcecode.c.h; path = GTextBlock.h; sourceTree = "<group>"; };
		9346A86025305B2800804506 /* GTextBlock.m */ = {isa = PBXFileReference; lastKnownFileType = sourcecode.c.objc; path = GTextBlock.m; sourceTree = "<group>"; };
		9355AEB824F12DCC00764E36 /* GLexerTests.m */ = {isa = PBXFileReference; lastKnownFileType = sourcecode.c.objc; path = GLexerTests.m; sourceTree = "<group>"; };
		93576001255FC6F600102C92 /* PEPWindow.h */ = {isa = PBXFileReference; lastKnownFileType = sourcecode.c.h; path = PEPWindow.h; sourceTree = "<group>"; };
		93576002255FC6F600102C92 /* PEPWindow.m */ = {isa = PBXFileReference; lastKnownFileType = sourcecode.c.objc; path = PEPWindow.m; sourceTree = "<group>"; };
		93576006255FC83900102C92 /* PEPContentView.h */ = {isa = PBXFileReference; lastKnownFileType = sourcecode.c.h; path = PEPContentView.h; sourceTree = "<group>"; };
		93576007255FC83900102C92 /* PEPContentView.m */ = {isa = PBXFileReference; lastKnownFileType = sourcecode.c.objc; path = PEPContentView.m; sourceTree = "<group>"; };
		9359739525416F1000BB217D /* GPageTests.m */ = {isa = PBXFileReference; lastKnownFileType = sourcecode.c.objc; path = GPageTests.m; sourceTree = "<group>"; };
		93597397254178EF00BB217D /* GObjectsTests.m */ = {isa = PBXFileReference; lastKnownFileType = sourcecode.c.objc; path = GObjectsTests.m; sourceTree = "<group>"; };
		9359739D2543B36800BB217D /* PEP_GillSans.pdf */ = {isa = PBXFileReference; lastKnownFileType = image.pdf; path = PEP_GillSans.pdf; sourceTree = "<group>"; };
		9359739F2543B37500BB217D /* PEP_GillSans.pdf */ = {isa = PBXFileReference; lastKnownFileType = image.pdf; name = PEP_GillSans.pdf; path = PEPTests/pdf/PEP_GillSans.pdf; sourceTree = SOURCE_ROOT; };
		935BCC38252C61B800868C01 /* GWord.h */ = {isa = PBXFileReference; lastKnownFileType = sourcecode.c.h; path = GWord.h; sourceTree = "<group>"; };
		935BCC39252C61B900868C01 /* GWord.m */ = {isa = PBXFileReference; lastKnownFileType = sourcecode.c.objc; path = GWord.m; sourceTree = "<group>"; };
		935CC18025374A23005758B5 /* GConstants.h */ = {isa = PBXFileReference; lastKnownFileType = sourcecode.c.h; path = GConstants.h; sourceTree = "<group>"; };
		9363D948250895610075FEF0 /* GDocument.h */ = {isa = PBXFileReference; lastKnownFileType = sourcecode.c.h; path = GDocument.h; sourceTree = "<group>"; };
		9363D949250895610075FEF0 /* GDocument.m */ = {isa = PBXFileReference; lastKnownFileType = sourcecode.c.objc; path = GDocument.m; sourceTree = "<group>"; };
		9363D9502508994E0075FEF0 /* test_xref.pdf */ = {isa = PBXFileReference; lastKnownFileType = image.pdf; name = test_xref.pdf; path = PEPTests/pdf/test_xref.pdf; sourceTree = SOURCE_ROOT; };
		936C4304250363E700FFE547 /* test_xref.pdf */ = {isa = PBXFileReference; lastKnownFileType = image.pdf; path = test_xref.pdf; sourceTree = "<group>"; };
		9373EEF1251C7E840066AD2A /* GTextState.h */ = {isa = PBXFileReference; lastKnownFileType = sourcecode.c.h; path = GTextState.h; sourceTree = "<group>"; };
		9373EEF2251C7E840066AD2A /* GTextState.m */ = {isa = PBXFileReference; lastKnownFileType = sourcecode.c.objc; path = GTextState.m; sourceTree = "<group>"; };
		9373EEF4251C84A80066AD2A /* GFont.h */ = {isa = PBXFileReference; lastKnownFileType = sourcecode.c.h; path = GFont.h; sourceTree = "<group>"; };
		9373EEF5251C84A80066AD2A /* GFont.m */ = {isa = PBXFileReference; lastKnownFileType = sourcecode.c.objc; path = GFont.m; sourceTree = "<group>"; };
		93899B0125594EF2001D79A8 /* A Sample PDF(Updated).pdf */ = {isa = PBXFileReference; lastKnownFileType = image.pdf; path = "A Sample PDF(Updated).pdf"; sourceTree = "<group>"; };
		93899B0325594F04001D79A8 /* A Sample PDF(Updated).pdf */ = {isa = PBXFileReference; lastKnownFileType = image.pdf; name = "A Sample PDF(Updated).pdf"; path = "PEPTests/pdf/A Sample PDF(Updated).pdf"; sourceTree = SOURCE_ROOT; };
		938A4E6D252EEFDF00504235 /* GLine.h */ = {isa = PBXFileReference; lastKnownFileType = sourcecode.c.h; path = GLine.h; sourceTree = "<group>"; };
		938A4E6E252EEFDF00504235 /* GLine.m */ = {isa = PBXFileReference; lastKnownFileType = sourcecode.c.objc; path = GLine.m; sourceTree = "<group>"; };
		938EB9742545A0D80045F463 /* tab.pdf */ = {isa = PBXFileReference; lastKnownFileType = image.pdf; path = tab.pdf; sourceTree = "<group>"; };
		938EB9762545A0F50045F463 /* tab.pdf */ = {isa = PBXFileReference; lastKnownFileType = image.pdf; name = tab.pdf; path = PEPTests/pdf/tab.pdf; sourceTree = SOURCE_ROOT; };
		9392912D25624202003F062A /* PEPTool.h */ = {isa = PBXFileReference; lastKnownFileType = sourcecode.c.h; path = PEPTool.h; sourceTree = "<group>"; };
		9392912E25624202003F062A /* PEPTool.m */ = {isa = PBXFileReference; lastKnownFileType = sourcecode.c.objc; path = PEPTool.m; sourceTree = "<group>"; };
		9392914325624C52003F062A /* cursor-text.png */ = {isa = PBXFileReference; lastKnownFileType = image.png; path = "cursor-text.png"; sourceTree = "<group>"; };
		9392914425624C52003F062A /* cursor-text@2x.png */ = {isa = PBXFileReference; lastKnownFileType = image.png; path = "cursor-text@2x.png"; sourceTree = "<group>"; };
		939291512562531B003F062A /* PEPToolDelegate.h */ = {isa = PBXFileReference; lastKnownFileType = sourcecode.c.h; path = PEPToolDelegate.h; sourceTree = "<group>"; };
		9392915625625AF0003F062A /* image@2x.png */ = {isa = PBXFileReference; lastKnownFileType = image.png; path = "image@2x.png"; sourceTree = "<group>"; };
		9392915725625AF0003F062A /* image.png */ = {isa = PBXFileReference; lastKnownFileType = image.png; path = image.png; sourceTree = "<group>"; };
		9397A56825652DB5003969B8 /* PEPMisc.h */ = {isa = PBXFileReference; lastKnownFileType = sourcecode.c.h; path = PEPMisc.h; sourceTree = "<group>"; };
		9397A56925652DB5003969B8 /* PEPMisc.m */ = {isa = PBXFileReference; lastKnownFileType = sourcecode.c.objc; path = PEPMisc.m; sourceTree = "<group>"; };
		9397A56E25653D48003969B8 /* PEPMiscTests.m */ = {isa = PBXFileReference; lastKnownFileType = sourcecode.c.objc; path = PEPMiscTests.m; sourceTree = "<group>"; };
		93A46B6225DB9FE30078D2FA /* GFontInfo.h */ = {isa = PBXFileReference; lastKnownFileType = sourcecode.c.h; path = GFontInfo.h; sourceTree = "<group>"; };
		93A46B6325DB9FE30078D2FA /* GFontInfo.m */ = {isa = PBXFileReference; lastKnownFileType = sourcecode.c.objc; path = GFontInfo.m; sourceTree = "<group>"; };
		93A46B6725DBA1E50078D2FA /* GFontInfoTests.m */ = {isa = PBXFileReference; lastKnownFileType = sourcecode.c.objc; path = GFontInfoTests.m; sourceTree = "<group>"; };
		93A86928251399760033DC22 /* GPage.h */ = {isa = PBXFileReference; lastKnownFileType = sourcecode.c.h; path = GPage.h; sourceTree = "<group>"; };
		93A86929251399760033DC22 /* GPage.m */ = {isa = PBXFileReference; lastKnownFileType = sourcecode.c.objc; path = GPage.m; sourceTree = "<group>"; };
		93A8692B25147ECA0033DC22 /* GMisc.h */ = {isa = PBXFileReference; lastKnownFileType = sourcecode.c.h; path = GMisc.h; sourceTree = "<group>"; };
		93A8692C25147ECA0033DC22 /* GMisc.m */ = {isa = PBXFileReference; lastKnownFileType = sourcecode.c.objc; path = GMisc.m; sourceTree = "<group>"; };
		93B707AB255D129200F326EB /* bug_hex_string.pdf */ = {isa = PBXFileReference; lastKnownFileType = image.pdf; path = bug_hex_string.pdf; sourceTree = "<group>"; };
		93B707AD255D129E00F326EB /* bug_hex_string.pdf */ = {isa = PBXFileReference; lastKnownFileType = image.pdf; name = bug_hex_string.pdf; path = PEPTests/pdf/bug_hex_string.pdf; sourceTree = SOURCE_ROOT; };
		93BACA2B25ECD0B900DDEC59 /* GTJText.h */ = {isa = PBXFileReference; lastKnownFileType = sourcecode.c.h; path = GTJText.h; sourceTree = "<group>"; };
		93BACA2C25ECD0B900DDEC59 /* GTJText.m */ = {isa = PBXFileReference; lastKnownFileType = sourcecode.c.objc; path = GTJText.m; sourceTree = "<group>"; };
		93C0E6142560F5A200D4E508 /* PEPTopView.h */ = {isa = PBXFileReference; lastKnownFileType = sourcecode.c.h; path = PEPTopView.h; sourceTree = "<group>"; };
		93C0E6152560F5A200D4E508 /* PEPTopView.m */ = {isa = PBXFileReference; lastKnownFileType = sourcecode.c.objc; path = PEPTopView.m; sourceTree = "<group>"; };
		93C0E61B256119F700D4E508 /* PEPTabView.h */ = {isa = PBXFileReference; lastKnownFileType = sourcecode.c.h; path = PEPTabView.h; sourceTree = "<group>"; };
		93C0E61C256119F700D4E508 /* PEPTabView.m */ = {isa = PBXFileReference; lastKnownFileType = sourcecode.c.objc; path = PEPTabView.m; sourceTree = "<group>"; };
		93C0E62225611E9100D4E508 /* PEPTab.h */ = {isa = PBXFileReference; lastKnownFileType = sourcecode.c.h; path = PEPTab.h; sourceTree = "<group>"; };
		93C0E62325611E9100D4E508 /* PEPTab.m */ = {isa = PBXFileReference; lastKnownFileType = sourcecode.c.objc; path = PEPTab.m; sourceTree = "<group>"; };
		93C0E62725613E0400D4E508 /* PEPConstants.h */ = {isa = PBXFileReference; lastKnownFileType = sourcecode.c.h; path = PEPConstants.h; sourceTree = "<group>"; };
		93C0E62A2561412F00D4E508 /* PEPToolbarView.h */ = {isa = PBXFileReference; lastKnownFileType = sourcecode.c.h; path = PEPToolbarView.h; sourceTree = "<group>"; };
		93C0E62B2561412F00D4E508 /* PEPToolbarView.m */ = {isa = PBXFileReference; lastKnownFileType = sourcecode.c.objc; path = PEPToolbarView.m; sourceTree = "<group>"; };
		93C0E63125614CF800D4E508 /* PEPTabDelegate.h */ = {isa = PBXFileReference; lastKnownFileType = sourcecode.c.h; path = PEPTabDelegate.h; sourceTree = "<group>"; };
		93CA1E6725DCACB900DF7949 /* GEncodings.m */ = {isa = PBXFileReference; lastKnownFileType = sourcecode.c.objc; path = GEncodings.m; sourceTree = "<group>"; };
		93D48C1C2536CAAA002DD41B /* GTextEditor.h */ = {isa = PBXFileReference; lastKnownFileType = sourcecode.c.h; path = GTextEditor.h; sourceTree = "<group>"; };
		93D48C1D2536CAAA002DD41B /* GTextEditor.m */ = {isa = PBXFileReference; lastKnownFileType = sourcecode.c.objc; path = GTextEditor.m; sourceTree = "<group>"; };
		93DB0FBF255CCD350030F33A /* Sample_001.pdf */ = {isa = PBXFileReference; lastKnownFileType = image.pdf; path = Sample_001.pdf; sourceTree = "<group>"; };
		93DB0FC1255CCD410030F33A /* Sample_001.pdf */ = {isa = PBXFileReference; lastKnownFileType = image.pdf; name = Sample_001.pdf; path = PEPTests/pdf/Sample_001.pdf; sourceTree = SOURCE_ROOT; };
		93DC04C224F7B335003AC9B0 /* GParser.h */ = {isa = PBXFileReference; lastKnownFileType = sourcecode.c.h; path = GParser.h; sourceTree = "<group>"; };
		93DC04C324F7B335003AC9B0 /* GParser.m */ = {isa = PBXFileReference; lastKnownFileType = sourcecode.c.objc; path = GParser.m; sourceTree = "<group>"; };
		93DC04C524F7B474003AC9B0 /* GParserTests.m */ = {isa = PBXFileReference; lastKnownFileType = sourcecode.c.objc; path = GParserTests.m; sourceTree = "<group>"; };
		93DC04C724F7B6EB003AC9B0 /* GObjects.h */ = {isa = PBXFileReference; lastKnownFileType = sourcecode.c.h; path = GObjects.h; sourceTree = "<group>"; };
		93DC04C824F7B6EB003AC9B0 /* GObjects.m */ = {isa = PBXFileReference; lastKnownFileType = sourcecode.c.objc; path = GObjects.m; sourceTree = "<group>"; };
		93DEC33B25401C3D00E280B0 /* GEncoders.h */ = {isa = PBXFileReference; lastKnownFileType = sourcecode.c.h; path = GEncoders.h; sourceTree = "<group>"; };
		93DEC33C25401C3D00E280B0 /* GEncoders.m */ = {isa = PBXFileReference; lastKnownFileType = sourcecode.c.objc; path = GEncoders.m; sourceTree = "<group>"; };
		93DEC33E25401E1700E280B0 /* GEncodersTests.m */ = {isa = PBXFileReference; lastKnownFileType = sourcecode.c.objc; path = GEncodersTests.m; sourceTree = "<group>"; };
		93DEC3402540238C00E280B0 /* GBinaryData.h */ = {isa = PBXFileReference; lastKnownFileType = sourcecode.c.h; path = GBinaryData.h; sourceTree = "<group>"; };
		93DEC3412540238C00E280B0 /* GBinaryData.m */ = {isa = PBXFileReference; lastKnownFileType = sourcecode.c.objc; path = GBinaryData.m; sourceTree = "<group>"; };
		93E336F824F1254300F91F74 /* GLexer.m */ = {isa = PBXFileReference; fileEncoding = 4; lastKnownFileType = sourcecode.c.objc; path = GLexer.m; sourceTree = "<group>"; };
		93E336FC24F1256000F91F74 /* GLexer.h */ = {isa = PBXFileReference; fileEncoding = 4; lastKnownFileType = sourcecode.c.h; path = GLexer.h; sourceTree = "<group>"; };
		93E73A75256794430060EEBC /* GTextEditorDelegate.h */ = {isa = PBXFileReference; lastKnownFileType = sourcecode.c.h; path = GTextEditorDelegate.h; sourceTree = "<group>"; };
		93FEFCD725CBC1D30095E19D /* GEncodings.h */ = {isa = PBXFileReference; lastKnownFileType = sourcecode.c.h; path = GEncodings.h; sourceTree = "<group>"; };
		93FEFCDA25CBC33F0095E19D /* GEncodingsTests.m */ = {isa = PBXFileReference; lastKnownFileType = sourcecode.c.objc; path = GEncodingsTests.m; sourceTree = "<group>"; };
/* End PBXFileReference section */

/* Begin PBXFrameworksBuildPhase section */
		931221BF24F0137F00929C01 /* Frameworks */ = {
			isa = PBXFrameworksBuildPhase;
			buildActionMask = 2147483647;
			files = (
			);
			runOnlyForDeploymentPostprocessing = 0;
		};
		931221D224F0139700929C01 /* Frameworks */ = {
			isa = PBXFrameworksBuildPhase;
			buildActionMask = 2147483647;
			files = (
			);
			runOnlyForDeploymentPostprocessing = 0;
		};
/* End PBXFrameworksBuildPhase section */

/* Begin PBXGroup section */
		931221B924F0137F00929C01 = {
			isa = PBXGroup;
			children = (
				931221C424F0137F00929C01 /* PEP */,
				931221D824F0139700929C01 /* PEPTests */,
				931221C324F0137F00929C01 /* Products */,
			);
			sourceTree = "<group>";
		};
		931221C324F0137F00929C01 /* Products */ = {
			isa = PBXGroup;
			children = (
				931221C224F0137F00929C01 /* PEP.app */,
				931221D524F0139700929C01 /* PEPTests.xctest */,
			);
			name = Products;
			sourceTree = "<group>";
		};
		931221C424F0137F00929C01 /* PEP */ = {
			isa = PBXGroup;
			children = (
				9363D94B250898D60075FEF0 /* Resources */,
				93E336ED24F11C2500F91F74 /* Gene */,
				93576000255FC63700102C92 /* UI */,
				931221C524F0137F00929C01 /* AppDelegate.h */,
				931221C624F0137F00929C01 /* AppDelegate.m */,
				931221C824F0139300929C01 /* Assets.xcassets */,
				931221CA24F0139300929C01 /* MainMenu.xib */,
				931221CD24F0139300929C01 /* Info.plist */,
				931221CE24F0139300929C01 /* main.m */,
				931221D024F0139300929C01 /* PEP.entitlements */,
			);
			path = PEP;
			sourceTree = "<group>";
		};
		931221D824F0139700929C01 /* PEPTests */ = {
			isa = PBXGroup;
			children = (
				936C4303250363AD00FFE547 /* pdf */,
				9355AEB824F12DCC00764E36 /* GLexerTests.m */,
				93597397254178EF00BB217D /* GObjectsTests.m */,
				93DC04C524F7B474003AC9B0 /* GParserTests.m */,
				9359739525416F1000BB217D /* GPageTests.m */,
				9320C0192519C7F8008F20B0 /* GInterpreterTests.m */,
				930ACC9C250763C30092206C /* GDecodersTests.m */,
				93DEC33E25401E1700E280B0 /* GEncodersTests.m */,
				930B09BA25412AEE00ED00BD /* GMiscTests.m */,
				93A46B6725DBA1E50078D2FA /* GFontInfoTests.m */,
				93FEFCDA25CBC33F0095E19D /* GEncodingsTests.m */,
				933F589D25E77DCE00D28996 /* GFontEncodingTests.m */,
				9397A56E25653D48003969B8 /* PEPMiscTests.m */,
				931221DB24F0139700929C01 /* Info.plist */,
			);
			path = PEPTests;
			sourceTree = "<group>";
		};
		93576000255FC63700102C92 /* UI */ = {
			isa = PBXGroup;
			children = (
				93C0E62725613E0400D4E508 /* PEPConstants.h */,
				93576001255FC6F600102C92 /* PEPWindow.h */,
				93576002255FC6F600102C92 /* PEPWindow.m */,
				93576006255FC83900102C92 /* PEPContentView.h */,
				93576007255FC83900102C92 /* PEPContentView.m */,
				93C0E6142560F5A200D4E508 /* PEPTopView.h */,
				93C0E6152560F5A200D4E508 /* PEPTopView.m */,
				93C0E61B256119F700D4E508 /* PEPTabView.h */,
				93C0E61C256119F700D4E508 /* PEPTabView.m */,
				93C0E62225611E9100D4E508 /* PEPTab.h */,
				93C0E62325611E9100D4E508 /* PEPTab.m */,
				93C0E63125614CF800D4E508 /* PEPTabDelegate.h */,
				93C0E62A2561412F00D4E508 /* PEPToolbarView.h */,
				93C0E62B2561412F00D4E508 /* PEPToolbarView.m */,
				9392912D25624202003F062A /* PEPTool.h */,
				9392912E25624202003F062A /* PEPTool.m */,
				939291512562531B003F062A /* PEPToolDelegate.h */,
				932FF6EA2563D79800808652 /* PEPSideView.h */,
				932FF6EB2563D79800808652 /* PEPSideView.m */,
				9397A56825652DB5003969B8 /* PEPMisc.h */,
				9397A56925652DB5003969B8 /* PEPMisc.m */,
			);
			path = UI;
			sourceTree = "<group>";
		};
		9363D94B250898D60075FEF0 /* Resources */ = {
			isa = PBXGroup;
			children = (
				939291322562474B003F062A /* Images */,
				93386D432568F6BD00B63E8E /* Super Mario World.pdf */,
				930FA4A9259C696B004D1F7D /* bug_extra_char.pdf */,
				93B707AD255D129E00F326EB /* bug_hex_string.pdf */,
				93DB0FC1255CCD410030F33A /* Sample_001.pdf */,
				93899B0325594F04001D79A8 /* A Sample PDF(Updated).pdf */,
				9301BEFC25554A10000C6F4E /* A Sample PDF.pdf */,
				93311A11254EA60500D58E06 /* PEP_Incremental.pdf */,
				938EB9762545A0F50045F463 /* tab.pdf */,
				9359739F2543B37500BB217D /* PEP_GillSans.pdf */,
				9320C01D251A1568008F20B0 /* irig_keys_25.pdf */,
				9363D9502508994E0075FEF0 /* test_xref.pdf */,
			);
			path = Resources;
			sourceTree = "<group>";
		};
		936C4303250363AD00FFE547 /* pdf */ = {
			isa = PBXGroup;
			children = (
				93386D372568E6D400B63E8E /* Super Mario World.pdf */,
				93DB0FBF255CCD350030F33A /* Sample_001.pdf */,
				93B707AB255D129200F326EB /* bug_hex_string.pdf */,
				93899B0125594EF2001D79A8 /* A Sample PDF(Updated).pdf */,
				9301BEFA25554A05000C6F4E /* A Sample PDF.pdf */,
				93311A0F254EA5EF00D58E06 /* PEP_Incremental.pdf */,
				938EB9742545A0D80045F463 /* tab.pdf */,
				9359739D2543B36800BB217D /* PEP_GillSans.pdf */,
				9320C01B251A1552008F20B0 /* irig_keys_25.pdf */,
				936C4304250363E700FFE547 /* test_xref.pdf */,
			);
			path = pdf;
			sourceTree = "<group>";
		};
		939291322562474B003F062A /* Images */ = {
			isa = PBXGroup;
			children = (
				9392915725625AF0003F062A /* image.png */,
				9392915625625AF0003F062A /* image@2x.png */,
				9392914325624C52003F062A /* cursor-text.png */,
				9392914425624C52003F062A /* cursor-text@2x.png */,
			);
			path = Images;
			sourceTree = "<group>";
		};
		93E336ED24F11C2500F91F74 /* Gene */ = {
			isa = PBXGroup;
			children = (
				93E336FC24F1256000F91F74 /* GLexer.h */,
				93E336F824F1254300F91F74 /* GLexer.m */,
				93DC04C724F7B6EB003AC9B0 /* GObjects.h */,
				93DC04C824F7B6EB003AC9B0 /* GObjects.m */,
				93DEC3402540238C00E280B0 /* GBinaryData.h */,
				93DEC3412540238C00E280B0 /* GBinaryData.m */,
				93BACA2B25ECD0B900DDEC59 /* GTJText.h */,
				93BACA2C25ECD0B900DDEC59 /* GTJText.m */,
				93DC04C224F7B335003AC9B0 /* GParser.h */,
				93DC04C324F7B335003AC9B0 /* GParser.m */,
				93DEC33B25401C3D00E280B0 /* GEncoders.h */,
				93DEC33C25401C3D00E280B0 /* GEncoders.m */,
				930ACC99250759780092206C /* GDecoders.h */,
				930ACC9A250759780092206C /* GDecoders.m */,
				931ECFAF2518911A00E26EFA /* GInterpreter.h */,
				931ECFB02518911A00E26EFA /* GInterpreter.m */,
				9373EEF4251C84A80066AD2A /* GFont.h */,
				9373EEF5251C84A80066AD2A /* GFont.m */,
				93A46B6225DB9FE30078D2FA /* GFontInfo.h */,
				93A46B6325DB9FE30078D2FA /* GFontInfo.m */,
				933F589625E77C7900D28996 /* GFontEncoding.h */,
				933F589725E77C7900D28996 /* GFontEncoding.m */,
				93427467252082CA00CA3DBE /* GGraphicsState.h */,
				93427468252082CA00CA3DBE /* GGraphicsState.m */,
				9373EEF1251C7E840066AD2A /* GTextState.h */,
				9373EEF2251C7E840066AD2A /* GTextState.m */,
				93159E5D252AEB5E00F87451 /* GGlyph.h */,
				93159E5E252AEB5E00F87451 /* GGlyph.m */,
				935BCC38252C61B800868C01 /* GWord.h */,
				935BCC39252C61B900868C01 /* GWord.m */,
				938A4E6D252EEFDF00504235 /* GLine.h */,
				938A4E6E252EEFDF00504235 /* GLine.m */,
				9346A85F25305B2800804506 /* GTextBlock.h */,
				9346A86025305B2800804506 /* GTextBlock.m */,
				93159E60252B09F400F87451 /* GTextParser.h */,
				93159E61252B09F400F87451 /* GTextParser.m */,
				93D48C1C2536CAAA002DD41B /* GTextEditor.h */,
				93D48C1D2536CAAA002DD41B /* GTextEditor.m */,
				9307B2A8255A6996000468A9 /* GCompiler.h */,
				9307B2A9255A6996000468A9 /* GCompiler.m */,
				93A86928251399760033DC22 /* GPage.h */,
				93A86929251399760033DC22 /* GPage.m */,
				9363D948250895610075FEF0 /* GDocument.h */,
				9363D949250895610075FEF0 /* GDocument.m */,
				93A8692B25147ECA0033DC22 /* GMisc.h */,
				93A8692C25147ECA0033DC22 /* GMisc.m */,
				935CC18025374A23005758B5 /* GConstants.h */,
				93E73A75256794430060EEBC /* GTextEditorDelegate.h */,
				93FEFCD725CBC1D30095E19D /* GEncodings.h */,
				93CA1E6725DCACB900DF7949 /* GEncodings.m */,
				1C956CDD26131A98005C7D2C /* GCMap.h */,
				1C956CDE26131A98005C7D2C /* GCMap.m */,
			);
			path = Gene;
			sourceTree = "<group>";
		};
/* End PBXGroup section */

/* Begin PBXNativeTarget section */
		931221C124F0137F00929C01 /* PEP */ = {
			isa = PBXNativeTarget;
			buildConfigurationList = 931221E924F0139700929C01 /* Build configuration list for PBXNativeTarget "PEP" */;
			buildPhases = (
				931221BE24F0137F00929C01 /* Sources */,
				931221BF24F0137F00929C01 /* Frameworks */,
				931221C024F0137F00929C01 /* Resources */,
			);
			buildRules = (
			);
			dependencies = (
			);
			name = PEP;
			productName = PEP;
			productReference = 931221C224F0137F00929C01 /* PEP.app */;
			productType = "com.apple.product-type.application";
		};
		931221D424F0139700929C01 /* PEPTests */ = {
			isa = PBXNativeTarget;
			buildConfigurationList = 931221EC24F0139700929C01 /* Build configuration list for PBXNativeTarget "PEPTests" */;
			buildPhases = (
				931221D124F0139700929C01 /* Sources */,
				931221D224F0139700929C01 /* Frameworks */,
				931221D324F0139700929C01 /* Resources */,
			);
			buildRules = (
			);
			dependencies = (
				931221D724F0139700929C01 /* PBXTargetDependency */,
			);
			name = PEPTests;
			productName = PEPTests;
			productReference = 931221D524F0139700929C01 /* PEPTests.xctest */;
			productType = "com.apple.product-type.bundle.unit-test";
		};
/* End PBXNativeTarget section */

/* Begin PBXProject section */
		931221BA24F0137F00929C01 /* Project object */ = {
			isa = PBXProject;
			attributes = {
				LastUpgradeCheck = 1220;
				ORGANIZATIONNAME = "Aaron Elkins";
				TargetAttributes = {
					931221C124F0137F00929C01 = {
						CreatedOnToolsVersion = 11.6;
					};
					931221D424F0139700929C01 = {
						CreatedOnToolsVersion = 11.6;
						TestTargetID = 931221C124F0137F00929C01;
					};
				};
			};
			buildConfigurationList = 931221BD24F0137F00929C01 /* Build configuration list for PBXProject "PEP" */;
			compatibilityVersion = "Xcode 9.3";
			developmentRegion = en;
			hasScannedForEncodings = 0;
			knownRegions = (
				en,
				Base,
			);
			mainGroup = 931221B924F0137F00929C01;
			productRefGroup = 931221C324F0137F00929C01 /* Products */;
			projectDirPath = "";
			projectRoot = "";
			targets = (
				931221C124F0137F00929C01 /* PEP */,
				931221D424F0139700929C01 /* PEPTests */,
			);
		};
/* End PBXProject section */

/* Begin PBXResourcesBuildPhase section */
		931221C024F0137F00929C01 /* Resources */ = {
			isa = PBXResourcesBuildPhase;
			buildActionMask = 2147483647;
			files = (
				9392915825625AF0003F062A /* image@2x.png in Resources */,
				93B707AE255D129E00F326EB /* bug_hex_string.pdf in Resources */,
				9320C01E251A1569008F20B0 /* irig_keys_25.pdf in Resources */,
				9392914625624C52003F062A /* cursor-text@2x.png in Resources */,
				9392914525624C52003F062A /* cursor-text.png in Resources */,
				93311A12254EA60500D58E06 /* PEP_Incremental.pdf in Resources */,
				93DB0FC2255CCD410030F33A /* Sample_001.pdf in Resources */,
				935973A02543B37500BB217D /* PEP_GillSans.pdf in Resources */,
				931221C924F0139300929C01 /* Assets.xcassets in Resources */,
				931221CC24F0139300929C01 /* MainMenu.xib in Resources */,
				9301BEFD25554A11000C6F4E /* A Sample PDF.pdf in Resources */,
				93386D442568F6BD00B63E8E /* Super Mario World.pdf in Resources */,
				93899B0425594F04001D79A8 /* A Sample PDF(Updated).pdf in Resources */,
				930FA4AA259C696C004D1F7D /* bug_extra_char.pdf in Resources */,
				938EB9772545A0F50045F463 /* tab.pdf in Resources */,
				9363D9512508994E0075FEF0 /* test_xref.pdf in Resources */,
				9392915925625AF0003F062A /* image.png in Resources */,
			);
			runOnlyForDeploymentPostprocessing = 0;
		};
		931221D324F0139700929C01 /* Resources */ = {
			isa = PBXResourcesBuildPhase;
			buildActionMask = 2147483647;
			files = (
				93DB0FC0255CCD350030F33A /* Sample_001.pdf in Resources */,
				9320C01C251A1552008F20B0 /* irig_keys_25.pdf in Resources */,
				93386D382568E6D400B63E8E /* Super Mario World.pdf in Resources */,
				93311A10254EA5EF00D58E06 /* PEP_Incremental.pdf in Resources */,
				93B707AC255D129200F326EB /* bug_hex_string.pdf in Resources */,
				938EB9752545A0D80045F463 /* tab.pdf in Resources */,
				9359739E2543B36800BB217D /* PEP_GillSans.pdf in Resources */,
				93899B0225594EF2001D79A8 /* A Sample PDF(Updated).pdf in Resources */,
				936C4305250363E800FFE547 /* test_xref.pdf in Resources */,
				9301BEFB25554A05000C6F4E /* A Sample PDF.pdf in Resources */,
			);
			runOnlyForDeploymentPostprocessing = 0;
		};
/* End PBXResourcesBuildPhase section */

/* Begin PBXSourcesBuildPhase section */
		931221BE24F0137F00929C01 /* Sources */ = {
			isa = PBXSourcesBuildPhase;
			buildActionMask = 2147483647;
			files = (
				933F589825E77C7900D28996 /* GFontEncoding.m in Sources */,
				9373EEF6251C84A80066AD2A /* GFont.m in Sources */,
				9392912F25624202003F062A /* PEPTool.m in Sources */,
				93CA1E6825DCACB900DF7949 /* GEncodings.m in Sources */,
				93427469252082CA00CA3DBE /* GGraphicsState.m in Sources */,
				93159E62252B09F400F87451 /* GTextParser.m in Sources */,
				93D48C1E2536CAAA002DD41B /* GTextEditor.m in Sources */,
				93159E5F252AEB5E00F87451 /* GGlyph.m in Sources */,
				9307B2AA255A6996000468A9 /* GCompiler.m in Sources */,
				93C0E62425611E9100D4E508 /* PEPTab.m in Sources */,
				9363D94A250895610075FEF0 /* GDocument.m in Sources */,
				935BCC3A252C61B900868C01 /* GWord.m in Sources */,
				93DC04C424F7B335003AC9B0 /* GParser.m in Sources */,
				93C0E6162560F5A200D4E508 /* PEPTopView.m in Sources */,
				938A4E6F252EEFDF00504235 /* GLine.m in Sources */,
				93DC04C924F7B6EB003AC9B0 /* GObjects.m in Sources */,
				93C0E62C2561412F00D4E508 /* PEPToolbarView.m in Sources */,
				931221CF24F0139300929C01 /* main.m in Sources */,
				1C956CDF26131A98005C7D2C /* GCMap.m in Sources */,
				931ECFB12518911A00E26EFA /* GInterpreter.m in Sources */,
				93DEC33D25401C3D00E280B0 /* GEncoders.m in Sources */,
				932FF6EC2563D79800808652 /* PEPSideView.m in Sources */,
				93576008255FC83900102C92 /* PEPContentView.m in Sources */,
				9397A56A25652DB5003969B8 /* PEPMisc.m in Sources */,
				93E336FD24F1265300F91F74 /* GLexer.m in Sources */,
				93DEC3422540238C00E280B0 /* GBinaryData.m in Sources */,
				93BACA2D25ECD0BB00DDEC59 /* GTJText.m in Sources */,
				9346A86125305B2800804506 /* GTextBlock.m in Sources */,
				930ACC9B250759780092206C /* GDecoders.m in Sources */,
				93A46B6425DB9FE30078D2FA /* GFontInfo.m in Sources */,
				93C0E61D256119F700D4E508 /* PEPTabView.m in Sources */,
				93576003255FC6F600102C92 /* PEPWindow.m in Sources */,
				9373EEF3251C7E840066AD2A /* GTextState.m in Sources */,
				93A8692D25147ECA0033DC22 /* GMisc.m in Sources */,
				93A8692A251399760033DC22 /* GPage.m in Sources */,
				931221C724F0137F00929C01 /* AppDelegate.m in Sources */,
			);
			runOnlyForDeploymentPostprocessing = 0;
		};
		931221D124F0139700929C01 /* Sources */ = {
			isa = PBXSourcesBuildPhase;
			buildActionMask = 2147483647;
			files = (
				93FEFCDB25CBC33F0095E19D /* GEncodingsTests.m in Sources */,
				9320C01A2519C7F8008F20B0 /* GInterpreterTests.m in Sources */,
				9355AEB924F12DCC00764E36 /* GLexerTests.m in Sources */,
				933F589E25E77DCE00D28996 /* GFontEncodingTests.m in Sources */,
				930ACC9D250763C30092206C /* GDecodersTests.m in Sources */,
				93A46B6825DBA1E50078D2FA /* GFontInfoTests.m in Sources */,
				9397A56F25653D48003969B8 /* PEPMiscTests.m in Sources */,
				93DC04C624F7B474003AC9B0 /* GParserTests.m in Sources */,
				9359739625416F1000BB217D /* GPageTests.m in Sources */,
				93DEC33F25401E1700E280B0 /* GEncodersTests.m in Sources */,
				93597398254178EF00BB217D /* GObjectsTests.m in Sources */,
				930B09BB25412AEE00ED00BD /* GMiscTests.m in Sources */,
			);
			runOnlyForDeploymentPostprocessing = 0;
		};
/* End PBXSourcesBuildPhase section */

/* Begin PBXTargetDependency section */
		931221D724F0139700929C01 /* PBXTargetDependency */ = {
			isa = PBXTargetDependency;
			target = 931221C124F0137F00929C01 /* PEP */;
			targetProxy = 931221D624F0139700929C01 /* PBXContainerItemProxy */;
		};
/* End PBXTargetDependency section */

/* Begin PBXVariantGroup section */
		931221CA24F0139300929C01 /* MainMenu.xib */ = {
			isa = PBXVariantGroup;
			children = (
				931221CB24F0139300929C01 /* Base */,
			);
			name = MainMenu.xib;
			sourceTree = "<group>";
		};
/* End PBXVariantGroup section */

/* Begin XCBuildConfiguration section */
		931221E724F0139700929C01 /* Debug */ = {
			isa = XCBuildConfiguration;
			buildSettings = {
				ALWAYS_SEARCH_USER_PATHS = NO;
				CLANG_ANALYZER_NONNULL = YES;
				CLANG_ANALYZER_NUMBER_OBJECT_CONVERSION = YES_AGGRESSIVE;
				CLANG_CXX_LANGUAGE_STANDARD = "gnu++14";
				CLANG_CXX_LIBRARY = "libc++";
				CLANG_ENABLE_MODULES = YES;
				CLANG_ENABLE_OBJC_ARC = YES;
				CLANG_ENABLE_OBJC_WEAK = YES;
				CLANG_WARN_BLOCK_CAPTURE_AUTORELEASING = YES;
				CLANG_WARN_BOOL_CONVERSION = YES;
				CLANG_WARN_COMMA = YES;
				CLANG_WARN_CONSTANT_CONVERSION = YES;
				CLANG_WARN_DEPRECATED_OBJC_IMPLEMENTATIONS = YES;
				CLANG_WARN_DIRECT_OBJC_ISA_USAGE = YES_ERROR;
				CLANG_WARN_DOCUMENTATION_COMMENTS = YES;
				CLANG_WARN_EMPTY_BODY = YES;
				CLANG_WARN_ENUM_CONVERSION = YES;
				CLANG_WARN_INFINITE_RECURSION = YES;
				CLANG_WARN_INT_CONVERSION = YES;
				CLANG_WARN_NON_LITERAL_NULL_CONVERSION = YES;
				CLANG_WARN_OBJC_IMPLICIT_RETAIN_SELF = YES;
				CLANG_WARN_OBJC_LITERAL_CONVERSION = YES;
				CLANG_WARN_OBJC_ROOT_CLASS = YES_ERROR;
				CLANG_WARN_QUOTED_INCLUDE_IN_FRAMEWORK_HEADER = YES;
				CLANG_WARN_RANGE_LOOP_ANALYSIS = YES;
				CLANG_WARN_STRICT_PROTOTYPES = YES;
				CLANG_WARN_SUSPICIOUS_MOVE = YES;
				CLANG_WARN_UNGUARDED_AVAILABILITY = YES_AGGRESSIVE;
				CLANG_WARN_UNREACHABLE_CODE = YES;
				CLANG_WARN__DUPLICATE_METHOD_MATCH = YES;
				COPY_PHASE_STRIP = NO;
				DEBUG_INFORMATION_FORMAT = dwarf;
				ENABLE_STRICT_OBJC_MSGSEND = YES;
				ENABLE_TESTABILITY = YES;
				GCC_C_LANGUAGE_STANDARD = gnu11;
				GCC_DYNAMIC_NO_PIC = NO;
				GCC_NO_COMMON_BLOCKS = YES;
				GCC_OPTIMIZATION_LEVEL = 0;
				GCC_PREPROCESSOR_DEFINITIONS = (
					"DEBUG=1",
					"$(inherited)",
				);
				GCC_WARN_64_TO_32_BIT_CONVERSION = YES;
				GCC_WARN_ABOUT_RETURN_TYPE = YES_ERROR;
				GCC_WARN_UNDECLARED_SELECTOR = YES;
				GCC_WARN_UNINITIALIZED_AUTOS = YES_AGGRESSIVE;
				GCC_WARN_UNUSED_FUNCTION = YES;
				GCC_WARN_UNUSED_VARIABLE = YES;
				MACOSX_DEPLOYMENT_TARGET = 10.12;
				MTL_ENABLE_DEBUG_INFO = INCLUDE_SOURCE;
				MTL_FAST_MATH = YES;
				ONLY_ACTIVE_ARCH = YES;
				SDKROOT = macosx;
			};
			name = Debug;
		};
		931221E824F0139700929C01 /* Release */ = {
			isa = XCBuildConfiguration;
			buildSettings = {
				ALWAYS_SEARCH_USER_PATHS = NO;
				CLANG_ANALYZER_NONNULL = YES;
				CLANG_ANALYZER_NUMBER_OBJECT_CONVERSION = YES_AGGRESSIVE;
				CLANG_CXX_LANGUAGE_STANDARD = "gnu++14";
				CLANG_CXX_LIBRARY = "libc++";
				CLANG_ENABLE_MODULES = YES;
				CLANG_ENABLE_OBJC_ARC = YES;
				CLANG_ENABLE_OBJC_WEAK = YES;
				CLANG_WARN_BLOCK_CAPTURE_AUTORELEASING = YES;
				CLANG_WARN_BOOL_CONVERSION = YES;
				CLANG_WARN_COMMA = YES;
				CLANG_WARN_CONSTANT_CONVERSION = YES;
				CLANG_WARN_DEPRECATED_OBJC_IMPLEMENTATIONS = YES;
				CLANG_WARN_DIRECT_OBJC_ISA_USAGE = YES_ERROR;
				CLANG_WARN_DOCUMENTATION_COMMENTS = YES;
				CLANG_WARN_EMPTY_BODY = YES;
				CLANG_WARN_ENUM_CONVERSION = YES;
				CLANG_WARN_INFINITE_RECURSION = YES;
				CLANG_WARN_INT_CONVERSION = YES;
				CLANG_WARN_NON_LITERAL_NULL_CONVERSION = YES;
				CLANG_WARN_OBJC_IMPLICIT_RETAIN_SELF = YES;
				CLANG_WARN_OBJC_LITERAL_CONVERSION = YES;
				CLANG_WARN_OBJC_ROOT_CLASS = YES_ERROR;
				CLANG_WARN_QUOTED_INCLUDE_IN_FRAMEWORK_HEADER = YES;
				CLANG_WARN_RANGE_LOOP_ANALYSIS = YES;
				CLANG_WARN_STRICT_PROTOTYPES = YES;
				CLANG_WARN_SUSPICIOUS_MOVE = YES;
				CLANG_WARN_UNGUARDED_AVAILABILITY = YES_AGGRESSIVE;
				CLANG_WARN_UNREACHABLE_CODE = YES;
				CLANG_WARN__DUPLICATE_METHOD_MATCH = YES;
				COPY_PHASE_STRIP = NO;
				DEBUG_INFORMATION_FORMAT = "dwarf-with-dsym";
				ENABLE_NS_ASSERTIONS = NO;
				ENABLE_STRICT_OBJC_MSGSEND = YES;
				GCC_C_LANGUAGE_STANDARD = gnu11;
				GCC_NO_COMMON_BLOCKS = YES;
				GCC_WARN_64_TO_32_BIT_CONVERSION = YES;
				GCC_WARN_ABOUT_RETURN_TYPE = YES_ERROR;
				GCC_WARN_UNDECLARED_SELECTOR = YES;
				GCC_WARN_UNINITIALIZED_AUTOS = YES_AGGRESSIVE;
				GCC_WARN_UNUSED_FUNCTION = YES;
				GCC_WARN_UNUSED_VARIABLE = YES;
				MACOSX_DEPLOYMENT_TARGET = 10.12;
				MTL_ENABLE_DEBUG_INFO = NO;
				MTL_FAST_MATH = YES;
				SDKROOT = macosx;
			};
			name = Release;
		};
		931221EA24F0139700929C01 /* Debug */ = {
			isa = XCBuildConfiguration;
			buildSettings = {
				ASSETCATALOG_COMPILER_APPICON_NAME = AppIcon;
				CODE_SIGN_ENTITLEMENTS = PEP/PEP.entitlements;
				CODE_SIGN_IDENTITY = "-";
				CODE_SIGN_STYLE = Automatic;
				COMBINE_HIDPI_IMAGES = YES;
				ENABLE_HARDENED_RUNTIME = YES;
				INFOPLIST_FILE = PEP/Info.plist;
				LD_RUNPATH_SEARCH_PATHS = (
					"$(inherited)",
					"@executable_path/../Frameworks",
				);
				MACOSX_DEPLOYMENT_TARGET = 10.12;
				MARKETING_VERSION = "0.25 alpha";
				PRODUCT_BUNDLE_IDENTIFIER = org.macpep.pep;
				PRODUCT_NAME = "$(TARGET_NAME)";
			};
			name = Debug;
		};
		931221EB24F0139700929C01 /* Release */ = {
			isa = XCBuildConfiguration;
			buildSettings = {
				ASSETCATALOG_COMPILER_APPICON_NAME = AppIcon;
				CODE_SIGN_ENTITLEMENTS = PEP/PEP.entitlements;
				CODE_SIGN_IDENTITY = "-";
				CODE_SIGN_STYLE = Automatic;
				COMBINE_HIDPI_IMAGES = YES;
				ENABLE_HARDENED_RUNTIME = YES;
				INFOPLIST_FILE = PEP/Info.plist;
				LD_RUNPATH_SEARCH_PATHS = (
					"$(inherited)",
					"@executable_path/../Frameworks",
				);
				MACOSX_DEPLOYMENT_TARGET = 10.12;
				MARKETING_VERSION = "0.25 alpha";
				PRODUCT_BUNDLE_IDENTIFIER = org.macpep.pep;
				PRODUCT_NAME = "$(TARGET_NAME)";
			};
			name = Release;
		};
		931221ED24F0139700929C01 /* Debug */ = {
			isa = XCBuildConfiguration;
			buildSettings = {
				BUNDLE_LOADER = "$(TEST_HOST)";
				CODE_SIGN_STYLE = Automatic;
				COMBINE_HIDPI_IMAGES = YES;
				INFOPLIST_FILE = PEPTests/Info.plist;
				LD_RUNPATH_SEARCH_PATHS = (
					"$(inherited)",
					"@executable_path/../Frameworks",
					"@loader_path/../Frameworks",
				);
				MACOSX_DEPLOYMENT_TARGET = 10.15;
				PRODUCT_BUNDLE_IDENTIFIER = org.macpep.PEPTests;
				PRODUCT_NAME = "$(TARGET_NAME)";
				TEST_HOST = "$(BUILT_PRODUCTS_DIR)/PEP.app/Contents/MacOS/PEP";
			};
			name = Debug;
		};
		931221EE24F0139700929C01 /* Release */ = {
			isa = XCBuildConfiguration;
			buildSettings = {
				BUNDLE_LOADER = "$(TEST_HOST)";
				CODE_SIGN_STYLE = Automatic;
				COMBINE_HIDPI_IMAGES = YES;
				INFOPLIST_FILE = PEPTests/Info.plist;
				LD_RUNPATH_SEARCH_PATHS = (
					"$(inherited)",
					"@executable_path/../Frameworks",
					"@loader_path/../Frameworks",
				);
				MACOSX_DEPLOYMENT_TARGET = 10.15;
				PRODUCT_BUNDLE_IDENTIFIER = org.macpep.PEPTests;
				PRODUCT_NAME = "$(TARGET_NAME)";
				TEST_HOST = "$(BUILT_PRODUCTS_DIR)/PEP.app/Contents/MacOS/PEP";
			};
			name = Release;
		};
/* End XCBuildConfiguration section */

/* Begin XCConfigurationList section */
		931221BD24F0137F00929C01 /* Build configuration list for PBXProject "PEP" */ = {
			isa = XCConfigurationList;
			buildConfigurations = (
				931221E724F0139700929C01 /* Debug */,
				931221E824F0139700929C01 /* Release */,
			);
			defaultConfigurationIsVisible = 0;
			defaultConfigurationName = Release;
		};
		931221E924F0139700929C01 /* Build configuration list for PBXNativeTarget "PEP" */ = {
			isa = XCConfigurationList;
			buildConfigurations = (
				931221EA24F0139700929C01 /* Debug */,
				931221EB24F0139700929C01 /* Release */,
			);
			defaultConfigurationIsVisible = 0;
			defaultConfigurationName = Release;
		};
		931221EC24F0139700929C01 /* Build configuration list for PBXNativeTarget "PEPTests" */ = {
			isa = XCConfigurationList;
			buildConfigurations = (
				931221ED24F0139700929C01 /* Debug */,
				931221EE24F0139700929C01 /* Release */,
			);
			defaultConfigurationIsVisible = 0;
			defaultConfigurationName = Release;
		};
/* End XCConfigurationList section */
	};
	rootObject = 931221BA24F0137F00929C01 /* Project object */;
}
